// !$*UTF8*$!
{
	archiveVersion = 1;
	classes = {
	};
	objectVersion = 50;
	objects = {

/* Begin PBXBuildFile section */
		FB7292AD252F55F4006ECAEE /* AppDelegate.swift in Sources */ = {isa = PBXBuildFile; fileRef = FB7292AC252F55F4006ECAEE /* AppDelegate.swift */; };
		FB7292AF252F55F4006ECAEE /* SceneDelegate.swift in Sources */ = {isa = PBXBuildFile; fileRef = FB7292AE252F55F4006ECAEE /* SceneDelegate.swift */; };
		FB7292B1252F55F4006ECAEE /* ViewController.swift in Sources */ = {isa = PBXBuildFile; fileRef = FB7292B0252F55F4006ECAEE /* ViewController.swift */; };
		FB7292B4252F55F4006ECAEE /* Main.storyboard in Resources */ = {isa = PBXBuildFile; fileRef = FB7292B2252F55F4006ECAEE /* Main.storyboard */; };
		FB7292B6252F55F6006ECAEE /* Assets.xcassets in Resources */ = {isa = PBXBuildFile; fileRef = FB7292B5252F55F6006ECAEE /* Assets.xcassets */; };
		FB7292B9252F55F6006ECAEE /* LaunchScreen.storyboard in Resources */ = {isa = PBXBuildFile; fileRef = FB7292B7252F55F6006ECAEE /* LaunchScreen.storyboard */; };
		FBA1F5EB252F56F000FFB80C /* AMUIView.swift in Sources */ = {isa = PBXBuildFile; fileRef = FBA1F5EA252F56F000FFB80C /* AMUIView.swift */; };
/* End PBXBuildFile section */

/* Begin PBXFileReference section */
		FB7292A9252F55F4006ECAEE /* ComponentesCustom.app */ = {isa = PBXFileReference; explicitFileType = wrapper.application; includeInIndex = 0; path = ComponentesCustom.app; sourceTree = BUILT_PRODUCTS_DIR; };
		FB7292AC252F55F4006ECAEE /* AppDelegate.swift */ = {isa = PBXFileReference; lastKnownFileType = sourcecode.swift; path = AppDelegate.swift; sourceTree = "<group>"; };
		FB7292AE252F55F4006ECAEE /* SceneDelegate.swift */ = {isa = PBXFileReference; lastKnownFileType = sourcecode.swift; path = SceneDelegate.swift; sourceTree = "<group>"; };
		FB7292B0252F55F4006ECAEE /* ViewController.swift */ = {isa = PBXFileReference; lastKnownFileType = sourcecode.swift; path = ViewController.swift; sourceTree = "<group>"; };
		FB7292B3252F55F4006ECAEE /* Base */ = {isa = PBXFileReference; lastKnownFileType = file.storyboard; name = Base; path = Base.lproj/Main.storyboard; sourceTree = "<group>"; };
		FB7292B5252F55F6006ECAEE /* Assets.xcassets */ = {isa = PBXFileReference; lastKnownFileType = folder.assetcatalog; path = Assets.xcassets; sourceTree = "<group>"; };
		FB7292B8252F55F6006ECAEE /* Base */ = {isa = PBXFileReference; lastKnownFileType = file.storyboard; name = Base; path = Base.lproj/LaunchScreen.storyboard; sourceTree = "<group>"; };
		FB7292BA252F55F6006ECAEE /* Info.plist */ = {isa = PBXFileReference; lastKnownFileType = text.plist.xml; path = Info.plist; sourceTree = "<group>"; };
		FBA1F5EA252F56F000FFB80C /* AMUIView.swift */ = {isa = PBXFileReference; lastKnownFileType = sourcecode.swift; path = AMUIView.swift; sourceTree = "<group>"; };
/* End PBXFileReference section */

/* Begin PBXFrameworksBuildPhase section */
		FB7292A6252F55F3006ECAEE /* Frameworks */ = {
			isa = PBXFrameworksBuildPhase;
			buildActionMask = 2147483647;
			files = (
			);
			runOnlyForDeploymentPostprocessing = 0;
		};
/* End PBXFrameworksBuildPhase section */

/* Begin PBXGroup section */
		FB7292A0252F55F3006ECAEE = {
			isa = PBXGroup;
			children = (
				FB7292AB252F55F4006ECAEE /* ComponentesCustom */,
				FB7292AA252F55F4006ECAEE /* Products */,
			);
			sourceTree = "<group>";
		};
		FB7292AA252F55F4006ECAEE /* Products */ = {
			isa = PBXGroup;
			children = (
				FB7292A9252F55F4006ECAEE /* ComponentesCustom.app */,
			);
			name = Products;
			sourceTree = "<group>";
		};
		FB7292AB252F55F4006ECAEE /* ComponentesCustom */ = {
			isa = PBXGroup;
			children = (
				FB7292AC252F55F4006ECAEE /* AppDelegate.swift */,
				FB7292AE252F55F4006ECAEE /* SceneDelegate.swift */,
				FB7292B0252F55F4006ECAEE /* ViewController.swift */,
				FB7292B2252F55F4006ECAEE /* Main.storyboard */,
				FB7292B5252F55F6006ECAEE /* Assets.xcassets */,
				FB7292B7252F55F6006ECAEE /* LaunchScreen.storyboard */,
				FB7292BA252F55F6006ECAEE /* Info.plist */,
				FBA1F5EA252F56F000FFB80C /* AMUIView.swift */,
			);
			path = ComponentesCustom;
			sourceTree = "<group>";
		};
/* End PBXGroup section */

/* Begin PBXNativeTarget section */
		FB7292A8252F55F3006ECAEE /* ComponentesCustom */ = {
			isa = PBXNativeTarget;
			buildConfigurationList = FB7292BD252F55F6006ECAEE /* Build configuration list for PBXNativeTarget "ComponentesCustom" */;
			buildPhases = (
				FB7292A5252F55F3006ECAEE /* Sources */,
				FB7292A6252F55F3006ECAEE /* Frameworks */,
				FB7292A7252F55F3006ECAEE /* Resources */,
			);
			buildRules = (
			);
			dependencies = (
			);
			name = ComponentesCustom;
			productName = ComponentesCustom;
			productReference = FB7292A9252F55F4006ECAEE /* ComponentesCustom.app */;
			productType = "com.apple.product-type.application";
		};
/* End PBXNativeTarget section */

/* Begin PBXProject section */
		FB7292A1252F55F3006ECAEE /* Project object */ = {
			isa = PBXProject;
			attributes = {
				LastSwiftUpdateCheck = 1170;
				LastUpgradeCheck = 1170;
				ORGANIZATIONNAME = "Kenyi Rodriguez";
				TargetAttributes = {
					FB7292A8252F55F3006ECAEE = {
						CreatedOnToolsVersion = 11.7;
					};
				};
			};
			buildConfigurationList = FB7292A4252F55F3006ECAEE /* Build configuration list for PBXProject "ComponentesCustom" */;
			compatibilityVersion = "Xcode 9.3";
			developmentRegion = en;
			hasScannedForEncodings = 0;
			knownRegions = (
				en,
				Base,
			);
			mainGroup = FB7292A0252F55F3006ECAEE;
			productRefGroup = FB7292AA252F55F4006ECAEE /* Products */;
			projectDirPath = "";
			projectRoot = "";
			targets = (
				FB7292A8252F55F3006ECAEE /* ComponentesCustom */,
			);
		};
/* End PBXProject section */

/* Begin PBXResourcesBuildPhase section */
		FB7292A7252F55F3006ECAEE /* Resources */ = {
			isa = PBXResourcesBuildPhase;
			buildActionMask = 2147483647;
			files = (
				FB7292B9252F55F6006ECAEE /* LaunchScreen.storyboard in Resources */,
				FB7292B6252F55F6006ECAEE /* Assets.xcassets in Resources */,
				FB7292B4252F55F4006ECAEE /* Main.storyboard in Resources */,
			);
			runOnlyForDeploymentPostprocessing = 0;
		};
/* End PBXResourcesBuildPhase section */

/* Begin PBXSourcesBuildPhase section */
		FB7292A5252F55F3006ECAEE /* Sources */ = {
			isa = PBXSourcesBuildPhase;
			buildActionMask = 2147483647;
			files = (
				FBA1F5EB252F56F000FFB80C /* AMUIView.swift in Sources */,
				FB7292B1252F55F4006ECAEE /* ViewController.swift in Sources */,
				FB7292AD252F55F4006ECAEE /* AppDelegate.swift in Sources */,
				FB7292AF252F55F4006ECAEE /* SceneDelegate.swift in Sources */,
			);
			runOnlyForDeploymentPostprocessing = 0;
		};
/* End PBXSourcesBuildPhase section */

/* Begin PBXVariantGroup section */
		FB7292B2252F55F4006ECAEE /* Main.storyboard */ = {
			isa = PBXVariantGroup;
			children = (
				FB7292B3252F55F4006ECAEE /* Base */,
			);
			name = Main.storyboard;
			sourceTree = "<group>";
		};
		FB7292B7252F55F6006ECAEE /* LaunchScreen.storyboard */ = {
			isa = PBXVariantGroup;
			children = (
				FB7292B8252F55F6006ECAEE /* Base */,
			);
			name = LaunchScreen.storyboard;
			sourceTree = "<group>";
		};
/* End PBXVariantGroup section */

/* Begin XCBuildConfiguration section */
		FB7292BB252F55F6006ECAEE /* Debug */ = {
			isa = XCBuildConfiguration;
			buildSettings = {
				ALWAYS_SEARCH_USER_PATHS = NO;
				CLANG_ANALYZER_NONNULL = YES;
				CLANG_ANALYZER_NUMBER_OBJECT_CONVERSION = YES_AGGRESSIVE;
				CLANG_CXX_LANGUAGE_STANDARD = "gnu++14";
				CLANG_CXX_LIBRARY = "libc++";
				CLANG_ENABLE_MODULES = YES;
				CLANG_ENABLE_OBJC_ARC = YES;
				CLANG_ENABLE_OBJC_WEAK = YES;
				CLANG_WARN_BLOCK_CAPTURE_AUTORELEASING = YES;
				CLANG_WARN_BOOL_CONVERSION = YES;
				CLANG_WARN_COMMA = YES;
				CLANG_WARN_CONSTANT_CONVERSION = YES;
				CLANG_WARN_DEPRECATED_OBJC_IMPLEMENTATIONS = YES;
				CLANG_WARN_DIRECT_OBJC_ISA_USAGE = YES_ERROR;
				CLANG_WARN_DOCUMENTATION_COMMENTS = YES;
				CLANG_WARN_EMPTY_BODY = YES;
				CLANG_WARN_ENUM_CONVERSION = YES;
				CLANG_WARN_INFINITE_RECURSION = YES;
				CLANG_WARN_INT_CONVERSION = YES;
				CLANG_WARN_NON_LITERAL_NULL_CONVERSION = YES;
				CLANG_WARN_OBJC_IMPLICIT_RETAIN_SELF = YES;
				CLANG_WARN_OBJC_LITERAL_CONVERSION = YES;
				CLANG_WARN_OBJC_ROOT_CLASS = YES_ERROR;
				CLANG_WARN_RANGE_LOOP_ANALYSIS = YES;
				CLANG_WARN_STRICT_PROTOTYPES = YES;
				CLANG_WARN_SUSPICIOUS_MOVE = YES;
				CLANG_WARN_UNGUARDED_AVAILABILITY = YES_AGGRESSIVE;
				CLANG_WARN_UNREACHABLE_CODE = YES;
				CLANG_WARN__DUPLICATE_METHOD_MATCH = YES;
				COPY_PHASE_STRIP = NO;
				DEBUG_INFORMATION_FORMAT = dwarf;
				ENABLE_STRICT_OBJC_MSGSEND = YES;
				ENABLE_TESTABILITY = YES;
				GCC_C_LANGUAGE_STANDARD = gnu11;
				GCC_DYNAMIC_NO_PIC = NO;
				GCC_NO_COMMON_BLOCKS = YES;
				GCC_OPTIMIZATION_LEVEL = 0;
				GCC_PREPROCESSOR_DEFINITIONS = (
					"DEBUG=1",
					"$(inherited)",
				);
				GCC_WARN_64_TO_32_BIT_CONVERSION = YES;
				GCC_WARN_ABOUT_RETURN_TYPE = YES_ERROR;
				GCC_WARN_UNDECLARED_SELECTOR = YES;
				GCC_WARN_UNINITIALIZED_AUTOS = YES_AGGRESSIVE;
				GCC_WARN_UNUSED_FUNCTION = YES;
				GCC_WARN_UNUSED_VARIABLE = YES;
				IPHONEOS_DEPLOYMENT_TARGET = 13.7;
				MTL_ENABLE_DEBUG_INFO = INCLUDE_SOURCE;
				MTL_FAST_MATH = YES;
				ONLY_ACTIVE_ARCH = YES;
				SDKROOT = iphoneos;
				SWIFT_ACTIVE_COMPILATION_CONDITIONS = DEBUG;
				SWIFT_OPTIMIZATION_LEVEL = "-Onone";
			};
			name = Debug;
		};
		FB7292BC252F55F6006ECAEE /* Release */ = {
			isa = XCBuildConfiguration;
			buildSettings = {
				ALWAYS_SEARCH_USER_PATHS = NO;
				CLANG_ANALYZER_NONNULL = YES;
				CLANG_ANALYZER_NUMBER_OBJECT_CONVERSION = YES_AGGRESSIVE;
				CLANG_CXX_LANGUAGE_STANDARD = "gnu++14";
				CLANG_CXX_LIBRARY = "libc++";
				CLANG_ENABLE_MODULES = YES;
				CLANG_ENABLE_OBJC_ARC = YES;
				CLANG_ENABLE_OBJC_WEAK = YES;
				CLANG_WARN_BLOCK_CAPTURE_AUTORELEASING = YES;
				CLANG_WARN_BOOL_CONVERSION = YES;
				CLANG_WARN_COMMA = YES;
				CLANG_WARN_CONSTANT_CONVERSION = YES;
				CLANG_WARN_DEPRECATED_OBJC_IMPLEMENTATIONS = YES;
				CLANG_WARN_DIRECT_OBJC_ISA_USAGE = YES_ERROR;
				CLANG_WARN_DOCUMENTATION_COMMENTS = YES;
				CLANG_WARN_EMPTY_BODY = YES;
				CLANG_WARN_ENUM_CONVERSION = YES;
				CLANG_WARN_INFINITE_RECURSION = YES;
				CLANG_WARN_INT_CONVERSION = YES;
				CLANG_WARN_NON_LITERAL_NULL_CONVERSION = YES;
				CLANG_WARN_OBJC_IMPLICIT_RETAIN_SELF = YES;
				CLANG_WARN_OBJC_LITERAL_CONVERSION = YES;
				CLANG_WARN_OBJC_ROOT_CLASS = YES_ERROR;
				CLANG_WARN_RANGE_LOOP_ANALYSIS = YES;
				CLANG_WARN_STRICT_PROTOTYPES = YES;
				CLANG_WARN_SUSPICIOUS_MOVE = YES;
				CLANG_WARN_UNGUARDED_AVAILABILITY = YES_AGGRESSIVE;
				CLANG_WARN_UNREACHABLE_CODE = YES;
				CLANG_WARN__DUPLICATE_METHOD_MATCH = YES;
				COPY_PHASE_STRIP = NO;
				DEBUG_INFORMATION_FORMAT = "dwarf-with-dsym";
				ENABLE_NS_ASSERTIONS = NO;
				ENABLE_STRICT_OBJC_MSGSEND = YES;
				GCC_C_LANGUAGE_STANDARD = gnu11;
				GCC_NO_COMMON_BLOCKS = YES;
				GCC_WARN_64_TO_32_BIT_CONVERSION = YES;
				GCC_WARN_ABOUT_RETURN_TYPE = YES_ERROR;
				GCC_WARN_UNDECLARED_SELECTOR = YES;
				GCC_WARN_UNINITIALIZED_AUTOS = YES_AGGRESSIVE;
				GCC_WARN_UNUSED_FUNCTION = YES;
				GCC_WARN_UNUSED_VARIABLE = YES;
				IPHONEOS_DEPLOYMENT_TARGET = 13.7;
				MTL_ENABLE_DEBUG_INFO = NO;
				MTL_FAST_MATH = YES;
				SDKROOT = iphoneos;
				SWIFT_COMPILATION_MODE = wholemodule;
				SWIFT_OPTIMIZATION_LEVEL = "-O";
				VALIDATE_PRODUCT = YES;
			};
			name = Release;
		};
		FB7292BE252F55F6006ECAEE /* Debug */ = {
			isa = XCBuildConfiguration;
			buildSettings = {
				ASSETCATALOG_COMPILER_APPICON_NAME = AppIcon;
				CODE_SIGN_STYLE = Automatic;
				INFOPLIST_FILE = ComponentesCustom/Info.plist;
				LD_RUNPATH_SEARCH_PATHS = (
					"$(inherited)",
					"@executable_path/Frameworks",
				);
				PRODUCT_BUNDLE_IDENTIFIER = com.solera.ComponentesCustom;
				PRODUCT_NAME = "$(TARGET_NAME)";
				SWIFT_VERSION = 5.0;
				TARGETED_DEVICE_FAMILY = "1,2";
			};
			name = Debug;
		};
		FB7292BF252F55F6006ECAEE /* Release */ = {
			isa = XCBuildConfiguration;
			buildSettings = {
				ASSETCATALOG_COMPILER_APPICON_NAME = AppIcon;
				CODE_SIGN_STYLE = Automatic;
				INFOPLIST_FILE = ComponentesCustom/Info.plist;
				LD_RUNPATH_SEARCH_PATHS = (
					"$(inherited)",
					"@executable_path/Frameworks",
				);
				PRODUCT_BUNDLE_IDENTIFIER = com.solera.ComponentesCustom;
				PRODUCT_NAME = "$(TARGET_NAME)";
				SWIFT_VERSION = 5.0;
				TARGETED_DEVICE_FAMILY = "1,2";
			};
			name = Release;
		};
/* End XCBuildConfiguration section */

/* Begin XCConfigurationList section */
		FB7292A4252F55F3006ECAEE /* Build configuration list for PBXProject "ComponentesCustom" */ = {
			isa = XCConfigurationList;
			buildConfigurations = (
				FB7292BB252F55F6006ECAEE /* Debug */,
				FB7292BC252F55F6006ECAEE /* Release */,
			);
			defaultConfigurationIsVisible = 0;
			defaultConfigurationName = Release;
		};
		FB7292BD252F55F6006ECAEE /* Build configuration list for PBXNativeTarget "ComponentesCustom" */ = {
			isa = XCConfigurationList;
			buildConfigurations = (
				FB7292BE252F55F6006ECAEE /* Debug */,
				FB7292BF252F55F6006ECAEE /* Release */,
			);
			defaultConfigurationIsVisible = 0;
			defaultConfigurationName = Release;
		};
/* End XCConfigurationList section */
	};
	rootObject = FB7292A1252F55F3006ECAEE /* Project object */;
}
