// !$*UTF8*$!
{
	archiveVersion = 1;
	classes = {
	};
	objectVersion = 50;
	objects = {

/* Begin PBXBuildFile section */
		FB02C1F125827571002C6AC0 /* AppDelegate.swift in Sources */ = {isa = PBXBuildFile; fileRef = FB02C1F025827571002C6AC0 /* AppDelegate.swift */; };
		FB02C1F325827571002C6AC0 /* SceneDelegate.swift in Sources */ = {isa = PBXBuildFile; fileRef = FB02C1F225827571002C6AC0 /* SceneDelegate.swift */; };
		FB02C1F525827571002C6AC0 /* PerfilViewController.swift in Sources */ = {isa = PBXBuildFile; fileRef = FB02C1F425827571002C6AC0 /* PerfilViewController.swift */; };
		FB02C1F825827571002C6AC0 /* Main.storyboard in Resources */ = {isa = PBXBuildFile; fileRef = FB02C1F625827571002C6AC0 /* Main.storyboard */; };
		FB02C1FA25827572002C6AC0 /* Assets.xcassets in Resources */ = {isa = PBXBuildFile; fileRef = FB02C1F925827572002C6AC0 /* Assets.xcassets */; };
		FB02C1FD25827572002C6AC0 /* LaunchScreen.storyboard in Resources */ = {isa = PBXBuildFile; fileRef = FB02C1FB25827572002C6AC0 /* LaunchScreen.storyboard */; };
		FB02C20525827674002C6AC0 /* PersonaBE.swift in Sources */ = {isa = PBXBuildFile; fileRef = FB02C20425827674002C6AC0 /* PersonaBE.swift */; };
		FB02C2082582776C002C6AC0 /* PerfilViewModel.swift in Sources */ = {isa = PBXBuildFile; fileRef = FB02C2072582776C002C6AC0 /* PerfilViewModel.swift */; };
		FB02C20A2582777B002C6AC0 /* PerfilModel.swift in Sources */ = {isa = PBXBuildFile; fileRef = FB02C2092582777B002C6AC0 /* PerfilModel.swift */; };
/* End PBXBuildFile section */

/* Begin PBXFileReference section */
		FB02C1ED25827570002C6AC0 /* MVVM.app */ = {isa = PBXFileReference; explicitFileType = wrapper.application; includeInIndex = 0; path = MVVM.app; sourceTree = BUILT_PRODUCTS_DIR; };
		FB02C1F025827571002C6AC0 /* AppDelegate.swift */ = {isa = PBXFileReference; lastKnownFileType = sourcecode.swift; path = AppDelegate.swift; sourceTree = "<group>"; };
		FB02C1F225827571002C6AC0 /* SceneDelegate.swift */ = {isa = PBXFileReference; lastKnownFileType = sourcecode.swift; path = SceneDelegate.swift; sourceTree = "<group>"; };
		FB02C1F425827571002C6AC0 /* PerfilViewController.swift */ = {isa = PBXFileReference; lastKnownFileType = sourcecode.swift; path = PerfilViewController.swift; sourceTree = "<group>"; };
		FB02C1F725827571002C6AC0 /* Base */ = {isa = PBXFileReference; lastKnownFileType = file.storyboard; name = Base; path = Base.lproj/Main.storyboard; sourceTree = "<group>"; };
		FB02C1F925827572002C6AC0 /* Assets.xcassets */ = {isa = PBXFileReference; lastKnownFileType = folder.assetcatalog; path = Assets.xcassets; sourceTree = "<group>"; };
		FB02C1FC25827572002C6AC0 /* Base */ = {isa = PBXFileReference; lastKnownFileType = file.storyboard; name = Base; path = Base.lproj/LaunchScreen.storyboard; sourceTree = "<group>"; };
		FB02C1FE25827572002C6AC0 /* Info.plist */ = {isa = PBXFileReference; lastKnownFileType = text.plist.xml; path = Info.plist; sourceTree = "<group>"; };
		FB02C20425827674002C6AC0 /* PersonaBE.swift */ = {isa = PBXFileReference; lastKnownFileType = sourcecode.swift; path = PersonaBE.swift; sourceTree = "<group>"; };
		FB02C2072582776C002C6AC0 /* PerfilViewModel.swift */ = {isa = PBXFileReference; lastKnownFileType = sourcecode.swift; path = PerfilViewModel.swift; sourceTree = "<group>"; };
		FB02C2092582777B002C6AC0 /* PerfilModel.swift */ = {isa = PBXFileReference; lastKnownFileType = sourcecode.swift; path = PerfilModel.swift; sourceTree = "<group>"; };
/* End PBXFileReference section */

/* Begin PBXFrameworksBuildPhase section */
		FB02C1EA25827570002C6AC0 /* Frameworks */ = {
			isa = PBXFrameworksBuildPhase;
			buildActionMask = 2147483647;
			files = (
			);
			runOnlyForDeploymentPostprocessing = 0;
		};
/* End PBXFrameworksBuildPhase section */

/* Begin PBXGroup section */
		FB02C1E425827570002C6AC0 = {
			isa = PBXGroup;
			children = (
				FB02C1EF25827570002C6AC0 /* MVVM */,
				FB02C1EE25827570002C6AC0 /* Products */,
			);
			sourceTree = "<group>";
		};
		FB02C1EE25827570002C6AC0 /* Products */ = {
			isa = PBXGroup;
			children = (
				FB02C1ED25827570002C6AC0 /* MVVM.app */,
			);
			name = Products;
			sourceTree = "<group>";
		};
		FB02C1EF25827570002C6AC0 /* MVVM */ = {
			isa = PBXGroup;
			children = (
				FB02C20625827757002C6AC0 /* Perfil */,
				FB02C1F025827571002C6AC0 /* AppDelegate.swift */,
				FB02C1F225827571002C6AC0 /* SceneDelegate.swift */,
				FB02C1F625827571002C6AC0 /* Main.storyboard */,
				FB02C1F925827572002C6AC0 /* Assets.xcassets */,
				FB02C1FB25827572002C6AC0 /* LaunchScreen.storyboard */,
				FB02C1FE25827572002C6AC0 /* Info.plist */,
				FB02C20425827674002C6AC0 /* PersonaBE.swift */,
			);
			path = MVVM;
			sourceTree = "<group>";
		};
		FB02C20625827757002C6AC0 /* Perfil */ = {
			isa = PBXGroup;
			children = (
				FB02C1F425827571002C6AC0 /* PerfilViewController.swift */,
				FB02C2072582776C002C6AC0 /* PerfilViewModel.swift */,
				FB02C2092582777B002C6AC0 /* PerfilModel.swift */,
			);
			path = Perfil;
			sourceTree = "<group>";
		};
/* End PBXGroup section */

/* Begin PBXNativeTarget section */
		FB02C1EC25827570002C6AC0 /* MVVM */ = {
			isa = PBXNativeTarget;
			buildConfigurationList = FB02C20125827572002C6AC0 /* Build configuration list for PBXNativeTarget "MVVM" */;
			buildPhases = (
				FB02C1E925827570002C6AC0 /* Sources */,
				FB02C1EA25827570002C6AC0 /* Frameworks */,
				FB02C1EB25827570002C6AC0 /* Resources */,
			);
			buildRules = (
			);
			dependencies = (
			);
			name = MVVM;
			productName = MVVM;
			productReference = FB02C1ED25827570002C6AC0 /* MVVM.app */;
			productType = "com.apple.product-type.application";
		};
/* End PBXNativeTarget section */

/* Begin PBXProject section */
		FB02C1E525827570002C6AC0 /* Project object */ = {
			isa = PBXProject;
			attributes = {
				LastSwiftUpdateCheck = 1170;
				LastUpgradeCheck = 1170;
				ORGANIZATIONNAME = "Kenyi Rodriguez";
				TargetAttributes = {
					FB02C1EC25827570002C6AC0 = {
						CreatedOnToolsVersion = 11.7;
					};
				};
			};
			buildConfigurationList = FB02C1E825827570002C6AC0 /* Build configuration list for PBXProject "MVVM" */;
			compatibilityVersion = "Xcode 9.3";
			developmentRegion = en;
			hasScannedForEncodings = 0;
			knownRegions = (
				en,
				Base,
			);
			mainGroup = FB02C1E425827570002C6AC0;
			productRefGroup = FB02C1EE25827570002C6AC0 /* Products */;
			projectDirPath = "";
			projectRoot = "";
			targets = (
				FB02C1EC25827570002C6AC0 /* MVVM */,
			);
		};
/* End PBXProject section */

/* Begin PBXResourcesBuildPhase section */
		FB02C1EB25827570002C6AC0 /* Resources */ = {
			isa = PBXResourcesBuildPhase;
			buildActionMask = 2147483647;
			files = (
				FB02C1FD25827572002C6AC0 /* LaunchScreen.storyboard in Resources */,
				FB02C1FA25827572002C6AC0 /* Assets.xcassets in Resources */,
				FB02C1F825827571002C6AC0 /* Main.storyboard in Resources */,
			);
			runOnlyForDeploymentPostprocessing = 0;
		};
/* End PBXResourcesBuildPhase section */

/* Begin PBXSourcesBuildPhase section */
		FB02C1E925827570002C6AC0 /* Sources */ = {
			isa = PBXSourcesBuildPhase;
			buildActionMask = 2147483647;
			files = (
				FB02C20525827674002C6AC0 /* PersonaBE.swift in Sources */,
				FB02C1F525827571002C6AC0 /* PerfilViewController.swift in Sources */,
				FB02C1F125827571002C6AC0 /* AppDelegate.swift in Sources */,
				FB02C20A2582777B002C6AC0 /* PerfilModel.swift in Sources */,
				FB02C2082582776C002C6AC0 /* PerfilViewModel.swift in Sources */,
				FB02C1F325827571002C6AC0 /* SceneDelegate.swift in Sources */,
			);
			runOnlyForDeploymentPostprocessing = 0;
		};
/* End PBXSourcesBuildPhase section */

/* Begin PBXVariantGroup section */
		FB02C1F625827571002C6AC0 /* Main.storyboard */ = {
			isa = PBXVariantGroup;
			children = (
				FB02C1F725827571002C6AC0 /* Base */,
			);
			name = Main.storyboard;
			sourceTree = "<group>";
		};
		FB02C1FB25827572002C6AC0 /* LaunchScreen.storyboard */ = {
			isa = PBXVariantGroup;
			children = (
				FB02C1FC25827572002C6AC0 /* Base */,
			);
			name = LaunchScreen.storyboard;
			sourceTree = "<group>";
		};
/* End PBXVariantGroup section */

/* Begin XCBuildConfiguration section */
		FB02C1FF25827572002C6AC0 /* Debug */ = {
			isa = XCBuildConfiguration;
			buildSettings = {
				ALWAYS_SEARCH_USER_PATHS = NO;
				CLANG_ANALYZER_NONNULL = YES;
				CLANG_ANALYZER_NUMBER_OBJECT_CONVERSION = YES_AGGRESSIVE;
				CLANG_CXX_LANGUAGE_STANDARD = "gnu++14";
				CLANG_CXX_LIBRARY = "libc++";
				CLANG_ENABLE_MODULES = YES;
				CLANG_ENABLE_OBJC_ARC = YES;
				CLANG_ENABLE_OBJC_WEAK = YES;
				CLANG_WARN_BLOCK_CAPTURE_AUTORELEASING = YES;
				CLANG_WARN_BOOL_CONVERSION = YES;
				CLANG_WARN_COMMA = YES;
				CLANG_WARN_CONSTANT_CONVERSION = YES;
				CLANG_WARN_DEPRECATED_OBJC_IMPLEMENTATIONS = YES;
				CLANG_WARN_DIRECT_OBJC_ISA_USAGE = YES_ERROR;
				CLANG_WARN_DOCUMENTATION_COMMENTS = YES;
				CLANG_WARN_EMPTY_BODY = YES;
				CLANG_WARN_ENUM_CONVERSION = YES;
				CLANG_WARN_INFINITE_RECURSION = YES;
				CLANG_WARN_INT_CONVERSION = YES;
				CLANG_WARN_NON_LITERAL_NULL_CONVERSION = YES;
				CLANG_WARN_OBJC_IMPLICIT_RETAIN_SELF = YES;
				CLANG_WARN_OBJC_LITERAL_CONVERSION = YES;
				CLANG_WARN_OBJC_ROOT_CLASS = YES_ERROR;
				CLANG_WARN_RANGE_LOOP_ANALYSIS = YES;
				CLANG_WARN_STRICT_PROTOTYPES = YES;
				CLANG_WARN_SUSPICIOUS_MOVE = YES;
				CLANG_WARN_UNGUARDED_AVAILABILITY = YES_AGGRESSIVE;
				CLANG_WARN_UNREACHABLE_CODE = YES;
				CLANG_WARN__DUPLICATE_METHOD_MATCH = YES;
				COPY_PHASE_STRIP = NO;
				DEBUG_INFORMATION_FORMAT = dwarf;
				ENABLE_STRICT_OBJC_MSGSEND = YES;
				ENABLE_TESTABILITY = YES;
				GCC_C_LANGUAGE_STANDARD = gnu11;
				GCC_DYNAMIC_NO_PIC = NO;
				GCC_NO_COMMON_BLOCKS = YES;
				GCC_OPTIMIZATION_LEVEL = 0;
				GCC_PREPROCESSOR_DEFINITIONS = (
					"DEBUG=1",
					"$(inherited)",
				);
				GCC_WARN_64_TO_32_BIT_CONVERSION = YES;
				GCC_WARN_ABOUT_RETURN_TYPE = YES_ERROR;
				GCC_WARN_UNDECLARED_SELECTOR = YES;
				GCC_WARN_UNINITIALIZED_AUTOS = YES_AGGRESSIVE;
				GCC_WARN_UNUSED_FUNCTION = YES;
				GCC_WARN_UNUSED_VARIABLE = YES;
				IPHONEOS_DEPLOYMENT_TARGET = 13.7;
				MTL_ENABLE_DEBUG_INFO = INCLUDE_SOURCE;
				MTL_FAST_MATH = YES;
				ONLY_ACTIVE_ARCH = YES;
				SDKROOT = iphoneos;
				SWIFT_ACTIVE_COMPILATION_CONDITIONS = DEBUG;
				SWIFT_OPTIMIZATION_LEVEL = "-Onone";
			};
			name = Debug;
		};
		FB02C20025827572002C6AC0 /* Release */ = {
			isa = XCBuildConfiguration;
			buildSettings = {
				ALWAYS_SEARCH_USER_PATHS = NO;
				CLANG_ANALYZER_NONNULL = YES;
				CLANG_ANALYZER_NUMBER_OBJECT_CONVERSION = YES_AGGRESSIVE;
				CLANG_CXX_LANGUAGE_STANDARD = "gnu++14";
				CLANG_CXX_LIBRARY = "libc++";
				CLANG_ENABLE_MODULES = YES;
				CLANG_ENABLE_OBJC_ARC = YES;
				CLANG_ENABLE_OBJC_WEAK = YES;
				CLANG_WARN_BLOCK_CAPTURE_AUTORELEASING = YES;
				CLANG_WARN_BOOL_CONVERSION = YES;
				CLANG_WARN_COMMA = YES;
				CLANG_WARN_CONSTANT_CONVERSION = YES;
				CLANG_WARN_DEPRECATED_OBJC_IMPLEMENTATIONS = YES;
				CLANG_WARN_DIRECT_OBJC_ISA_USAGE = YES_ERROR;
				CLANG_WARN_DOCUMENTATION_COMMENTS = YES;
				CLANG_WARN_EMPTY_BODY = YES;
				CLANG_WARN_ENUM_CONVERSION = YES;
				CLANG_WARN_INFINITE_RECURSION = YES;
				CLANG_WARN_INT_CONVERSION = YES;
				CLANG_WARN_NON_LITERAL_NULL_CONVERSION = YES;
				CLANG_WARN_OBJC_IMPLICIT_RETAIN_SELF = YES;
				CLANG_WARN_OBJC_LITERAL_CONVERSION = YES;
				CLANG_WARN_OBJC_ROOT_CLASS = YES_ERROR;
				CLANG_WARN_RANGE_LOOP_ANALYSIS = YES;
				CLANG_WARN_STRICT_PROTOTYPES = YES;
				CLANG_WARN_SUSPICIOUS_MOVE = YES;
				CLANG_WARN_UNGUARDED_AVAILABILITY = YES_AGGRESSIVE;
				CLANG_WARN_UNREACHABLE_CODE = YES;
				CLANG_WARN__DUPLICATE_METHOD_MATCH = YES;
				COPY_PHASE_STRIP = NO;
				DEBUG_INFORMATION_FORMAT = "dwarf-with-dsym";
				ENABLE_NS_ASSERTIONS = NO;
				ENABLE_STRICT_OBJC_MSGSEND = YES;
				GCC_C_LANGUAGE_STANDARD = gnu11;
				GCC_NO_COMMON_BLOCKS = YES;
				GCC_WARN_64_TO_32_BIT_CONVERSION = YES;
				GCC_WARN_ABOUT_RETURN_TYPE = YES_ERROR;
				GCC_WARN_UNDECLARED_SELECTOR = YES;
				GCC_WARN_UNINITIALIZED_AUTOS = YES_AGGRESSIVE;
				GCC_WARN_UNUSED_FUNCTION = YES;
				GCC_WARN_UNUSED_VARIABLE = YES;
				IPHONEOS_DEPLOYMENT_TARGET = 13.7;
				MTL_ENABLE_DEBUG_INFO = NO;
				MTL_FAST_MATH = YES;
				SDKROOT = iphoneos;
				SWIFT_COMPILATION_MODE = wholemodule;
				SWIFT_OPTIMIZATION_LEVEL = "-O";
				VALIDATE_PRODUCT = YES;
			};
			name = Release;
		};
		FB02C20225827572002C6AC0 /* Debug */ = {
			isa = XCBuildConfiguration;
			buildSettings = {
				ASSETCATALOG_COMPILER_APPICON_NAME = AppIcon;
				CODE_SIGN_STYLE = Automatic;
				INFOPLIST_FILE = MVVM/Info.plist;
				LD_RUNPATH_SEARCH_PATHS = (
					"$(inherited)",
					"@executable_path/Frameworks",
				);
				PRODUCT_BUNDLE_IDENTIFIER = com.solera.MVVM;
				PRODUCT_NAME = "$(TARGET_NAME)";
				SWIFT_VERSION = 5.0;
				TARGETED_DEVICE_FAMILY = "1,2";
			};
			name = Debug;
		};
		FB02C20325827572002C6AC0 /* Release */ = {
			isa = XCBuildConfiguration;
			buildSettings = {
				ASSETCATALOG_COMPILER_APPICON_NAME = AppIcon;
				CODE_SIGN_STYLE = Automatic;
				INFOPLIST_FILE = MVVM/Info.plist;
				LD_RUNPATH_SEARCH_PATHS = (
					"$(inherited)",
					"@executable_path/Frameworks",
				);
				PRODUCT_BUNDLE_IDENTIFIER = com.solera.MVVM;
				PRODUCT_NAME = "$(TARGET_NAME)";
				SWIFT_VERSION = 5.0;
				TARGETED_DEVICE_FAMILY = "1,2";
			};
			name = Release;
		};
/* End XCBuildConfiguration section */

/* Begin XCConfigurationList section */
		FB02C1E825827570002C6AC0 /* Build configuration list for PBXProject "MVVM" */ = {
			isa = XCConfigurationList;
			buildConfigurations = (
				FB02C1FF25827572002C6AC0 /* Debug */,
				FB02C20025827572002C6AC0 /* Release */,
			);
			defaultConfigurationIsVisible = 0;
			defaultConfigurationName = Release;
		};
		FB02C20125827572002C6AC0 /* Build configuration list for PBXNativeTarget "MVVM" */ = {
			isa = XCConfigurationList;
			buildConfigurations = (
				FB02C20225827572002C6AC0 /* Debug */,
				FB02C20325827572002C6AC0 /* Release */,
			);
			defaultConfigurationIsVisible = 0;
			defaultConfigurationName = Release;
		};
/* End XCConfigurationList section */
	};
	rootObject = FB02C1E525827570002C6AC0 /* Project object */;
}
