// !$*UTF8*$!
{
	archiveVersion = 1;
	classes = {
	};
	objectVersion = 50;
	objects = {

/* Begin PBXBuildFile section */
		FBA1F5F9252F5C0500FFB80C /* AppDelegate.swift in Sources */ = {isa = PBXBuildFile; fileRef = FBA1F5F8252F5C0500FFB80C /* AppDelegate.swift */; };
		FBA1F5FB252F5C0500FFB80C /* SceneDelegate.swift in Sources */ = {isa = PBXBuildFile; fileRef = FBA1F5FA252F5C0500FFB80C /* SceneDelegate.swift */; };
		FBA1F5FD252F5C0500FFB80C /* ViewController.swift in Sources */ = {isa = PBXBuildFile; fileRef = FBA1F5FC252F5C0500FFB80C /* ViewController.swift */; };
		FBA1F600252F5C0500FFB80C /* Main.storyboard in Resources */ = {isa = PBXBuildFile; fileRef = FBA1F5FE252F5C0500FFB80C /* Main.storyboard */; };
		FBA1F602252F5C0600FFB80C /* Assets.xcassets in Resources */ = {isa = PBXBuildFile; fileRef = FBA1F601252F5C0600FFB80C /* Assets.xcassets */; };
		FBA1F605252F5C0600FFB80C /* LaunchScreen.storyboard in Resources */ = {isa = PBXBuildFile; fileRef = FBA1F603252F5C0600FFB80C /* LaunchScreen.storyboard */; };
		FBA1F60D252F5C6C00FFB80C /* AMUITextField.swift in Sources */ = {isa = PBXBuildFile; fileRef = FBA1F60C252F5C6C00FFB80C /* AMUITextField.swift */; };
		FBA1F60F252F619F00FFB80C /* DatePickerSelectViewController.swift in Sources */ = {isa = PBXBuildFile; fileRef = FBA1F60E252F619F00FFB80C /* DatePickerSelectViewController.swift */; };
		FBA1F611252F698200FFB80C /* Colors.xcassets in Resources */ = {isa = PBXBuildFile; fileRef = FBA1F610252F698200FFB80C /* Colors.xcassets */; };
		FBA1F613252F700300FFB80C /* PickerOptionViewController.swift in Sources */ = {isa = PBXBuildFile; fileRef = FBA1F612252F700300FFB80C /* PickerOptionViewController.swift */; };
/* End PBXBuildFile section */

/* Begin PBXFileReference section */
		FBA1F5F5252F5C0500FFB80C /* DemoPicker.app */ = {isa = PBXFileReference; explicitFileType = wrapper.application; includeInIndex = 0; path = DemoPicker.app; sourceTree = BUILT_PRODUCTS_DIR; };
		FBA1F5F8252F5C0500FFB80C /* AppDelegate.swift */ = {isa = PBXFileReference; lastKnownFileType = sourcecode.swift; path = AppDelegate.swift; sourceTree = "<group>"; };
		FBA1F5FA252F5C0500FFB80C /* SceneDelegate.swift */ = {isa = PBXFileReference; lastKnownFileType = sourcecode.swift; path = SceneDelegate.swift; sourceTree = "<group>"; };
		FBA1F5FC252F5C0500FFB80C /* ViewController.swift */ = {isa = PBXFileReference; lastKnownFileType = sourcecode.swift; path = ViewController.swift; sourceTree = "<group>"; };
		FBA1F5FF252F5C0500FFB80C /* Base */ = {isa = PBXFileReference; lastKnownFileType = file.storyboard; name = Base; path = Base.lproj/Main.storyboard; sourceTree = "<group>"; };
		FBA1F601252F5C0600FFB80C /* Assets.xcassets */ = {isa = PBXFileReference; lastKnownFileType = folder.assetcatalog; path = Assets.xcassets; sourceTree = "<group>"; };
		FBA1F604252F5C0600FFB80C /* Base */ = {isa = PBXFileReference; lastKnownFileType = file.storyboard; name = Base; path = Base.lproj/LaunchScreen.storyboard; sourceTree = "<group>"; };
		FBA1F606252F5C0600FFB80C /* Info.plist */ = {isa = PBXFileReference; lastKnownFileType = text.plist.xml; path = Info.plist; sourceTree = "<group>"; };
		FBA1F60C252F5C6C00FFB80C /* AMUITextField.swift */ = {isa = PBXFileReference; lastKnownFileType = sourcecode.swift; path = AMUITextField.swift; sourceTree = "<group>"; };
		FBA1F60E252F619F00FFB80C /* DatePickerSelectViewController.swift */ = {isa = PBXFileReference; lastKnownFileType = sourcecode.swift; path = DatePickerSelectViewController.swift; sourceTree = "<group>"; };
		FBA1F610252F698200FFB80C /* Colors.xcassets */ = {isa = PBXFileReference; lastKnownFileType = folder.assetcatalog; path = Colors.xcassets; sourceTree = "<group>"; };
		FBA1F612252F700300FFB80C /* PickerOptionViewController.swift */ = {isa = PBXFileReference; lastKnownFileType = sourcecode.swift; path = PickerOptionViewController.swift; sourceTree = "<group>"; };
/* End PBXFileReference section */

/* Begin PBXFrameworksBuildPhase section */
		FBA1F5F2252F5C0500FFB80C /* Frameworks */ = {
			isa = PBXFrameworksBuildPhase;
			buildActionMask = 2147483647;
			files = (
			);
			runOnlyForDeploymentPostprocessing = 0;
		};
/* End PBXFrameworksBuildPhase section */

/* Begin PBXGroup section */
		FBA1F5EC252F5C0500FFB80C = {
			isa = PBXGroup;
			children = (
				FBA1F5F7252F5C0500FFB80C /* DemoPicker */,
				FBA1F5F6252F5C0500FFB80C /* Products */,
			);
			sourceTree = "<group>";
		};
		FBA1F5F6252F5C0500FFB80C /* Products */ = {
			isa = PBXGroup;
			children = (
				FBA1F5F5252F5C0500FFB80C /* DemoPicker.app */,
			);
			name = Products;
			sourceTree = "<group>";
		};
		FBA1F5F7252F5C0500FFB80C /* DemoPicker */ = {
			isa = PBXGroup;
			children = (
				FBA1F5F8252F5C0500FFB80C /* AppDelegate.swift */,
				FBA1F5FA252F5C0500FFB80C /* SceneDelegate.swift */,
				FBA1F5FC252F5C0500FFB80C /* ViewController.swift */,
				FBA1F5FE252F5C0500FFB80C /* Main.storyboard */,
				FBA1F601252F5C0600FFB80C /* Assets.xcassets */,
				FBA1F603252F5C0600FFB80C /* LaunchScreen.storyboard */,
				FBA1F606252F5C0600FFB80C /* Info.plist */,
				FBA1F60C252F5C6C00FFB80C /* AMUITextField.swift */,
				FBA1F60E252F619F00FFB80C /* DatePickerSelectViewController.swift */,
				FBA1F610252F698200FFB80C /* Colors.xcassets */,
				FBA1F612252F700300FFB80C /* PickerOptionViewController.swift */,
			);
			path = DemoPicker;
			sourceTree = "<group>";
		};
/* End PBXGroup section */

/* Begin PBXNativeTarget section */
		FBA1F5F4252F5C0500FFB80C /* DemoPicker */ = {
			isa = PBXNativeTarget;
			buildConfigurationList = FBA1F609252F5C0600FFB80C /* Build configuration list for PBXNativeTarget "DemoPicker" */;
			buildPhases = (
				FBA1F5F1252F5C0500FFB80C /* Sources */,
				FBA1F5F2252F5C0500FFB80C /* Frameworks */,
				FBA1F5F3252F5C0500FFB80C /* Resources */,
			);
			buildRules = (
			);
			dependencies = (
			);
			name = DemoPicker;
			productName = DemoPicker;
			productReference = FBA1F5F5252F5C0500FFB80C /* DemoPicker.app */;
			productType = "com.apple.product-type.application";
		};
/* End PBXNativeTarget section */

/* Begin PBXProject section */
		FBA1F5ED252F5C0500FFB80C /* Project object */ = {
			isa = PBXProject;
			attributes = {
				LastSwiftUpdateCheck = 1170;
				LastUpgradeCheck = 1170;
				ORGANIZATIONNAME = "Kenyi Rodriguez";
				TargetAttributes = {
					FBA1F5F4252F5C0500FFB80C = {
						CreatedOnToolsVersion = 11.7;
					};
				};
			};
			buildConfigurationList = FBA1F5F0252F5C0500FFB80C /* Build configuration list for PBXProject "DemoPicker" */;
			compatibilityVersion = "Xcode 9.3";
			developmentRegion = en;
			hasScannedForEncodings = 0;
			knownRegions = (
				en,
				Base,
			);
			mainGroup = FBA1F5EC252F5C0500FFB80C;
			productRefGroup = FBA1F5F6252F5C0500FFB80C /* Products */;
			projectDirPath = "";
			projectRoot = "";
			targets = (
				FBA1F5F4252F5C0500FFB80C /* DemoPicker */,
			);
		};
/* End PBXProject section */

/* Begin PBXResourcesBuildPhase section */
		FBA1F5F3252F5C0500FFB80C /* Resources */ = {
			isa = PBXResourcesBuildPhase;
			buildActionMask = 2147483647;
			files = (
				FBA1F605252F5C0600FFB80C /* LaunchScreen.storyboard in Resources */,
				FBA1F611252F698200FFB80C /* Colors.xcassets in Resources */,
				FBA1F602252F5C0600FFB80C /* Assets.xcassets in Resources */,
				FBA1F600252F5C0500FFB80C /* Main.storyboard in Resources */,
			);
			runOnlyForDeploymentPostprocessing = 0;
		};
/* End PBXResourcesBuildPhase section */

/* Begin PBXSourcesBuildPhase section */
		FBA1F5F1252F5C0500FFB80C /* Sources */ = {
			isa = PBXSourcesBuildPhase;
			buildActionMask = 2147483647;
			files = (
				FBA1F5FD252F5C0500FFB80C /* ViewController.swift in Sources */,
				FBA1F5F9252F5C0500FFB80C /* AppDelegate.swift in Sources */,
				FBA1F613252F700300FFB80C /* PickerOptionViewController.swift in Sources */,
				FBA1F60F252F619F00FFB80C /* DatePickerSelectViewController.swift in Sources */,
				FBA1F5FB252F5C0500FFB80C /* SceneDelegate.swift in Sources */,
				FBA1F60D252F5C6C00FFB80C /* AMUITextField.swift in Sources */,
			);
			runOnlyForDeploymentPostprocessing = 0;
		};
/* End PBXSourcesBuildPhase section */

/* Begin PBXVariantGroup section */
		FBA1F5FE252F5C0500FFB80C /* Main.storyboard */ = {
			isa = PBXVariantGroup;
			children = (
				FBA1F5FF252F5C0500FFB80C /* Base */,
			);
			name = Main.storyboard;
			sourceTree = "<group>";
		};
		FBA1F603252F5C0600FFB80C /* LaunchScreen.storyboard */ = {
			isa = PBXVariantGroup;
			children = (
				FBA1F604252F5C0600FFB80C /* Base */,
			);
			name = LaunchScreen.storyboard;
			sourceTree = "<group>";
		};
/* End PBXVariantGroup section */

/* Begin XCBuildConfiguration section */
		FBA1F607252F5C0600FFB80C /* Debug */ = {
			isa = XCBuildConfiguration;
			buildSettings = {
				ALWAYS_SEARCH_USER_PATHS = NO;
				CLANG_ANALYZER_NONNULL = YES;
				CLANG_ANALYZER_NUMBER_OBJECT_CONVERSION = YES_AGGRESSIVE;
				CLANG_CXX_LANGUAGE_STANDARD = "gnu++14";
				CLANG_CXX_LIBRARY = "libc++";
				CLANG_ENABLE_MODULES = YES;
				CLANG_ENABLE_OBJC_ARC = YES;
				CLANG_ENABLE_OBJC_WEAK = YES;
				CLANG_WARN_BLOCK_CAPTURE_AUTORELEASING = YES;
				CLANG_WARN_BOOL_CONVERSION = YES;
				CLANG_WARN_COMMA = YES;
				CLANG_WARN_CONSTANT_CONVERSION = YES;
				CLANG_WARN_DEPRECATED_OBJC_IMPLEMENTATIONS = YES;
				CLANG_WARN_DIRECT_OBJC_ISA_USAGE = YES_ERROR;
				CLANG_WARN_DOCUMENTATION_COMMENTS = YES;
				CLANG_WARN_EMPTY_BODY = YES;
				CLANG_WARN_ENUM_CONVERSION = YES;
				CLANG_WARN_INFINITE_RECURSION = YES;
				CLANG_WARN_INT_CONVERSION = YES;
				CLANG_WARN_NON_LITERAL_NULL_CONVERSION = YES;
				CLANG_WARN_OBJC_IMPLICIT_RETAIN_SELF = YES;
				CLANG_WARN_OBJC_LITERAL_CONVERSION = YES;
				CLANG_WARN_OBJC_ROOT_CLASS = YES_ERROR;
				CLANG_WARN_RANGE_LOOP_ANALYSIS = YES;
				CLANG_WARN_STRICT_PROTOTYPES = YES;
				CLANG_WARN_SUSPICIOUS_MOVE = YES;
				CLANG_WARN_UNGUARDED_AVAILABILITY = YES_AGGRESSIVE;
				CLANG_WARN_UNREACHABLE_CODE = YES;
				CLANG_WARN__DUPLICATE_METHOD_MATCH = YES;
				COPY_PHASE_STRIP = NO;
				DEBUG_INFORMATION_FORMAT = dwarf;
				ENABLE_STRICT_OBJC_MSGSEND = YES;
				ENABLE_TESTABILITY = YES;
				GCC_C_LANGUAGE_STANDARD = gnu11;
				GCC_DYNAMIC_NO_PIC = NO;
				GCC_NO_COMMON_BLOCKS = YES;
				GCC_OPTIMIZATION_LEVEL = 0;
				GCC_PREPROCESSOR_DEFINITIONS = (
					"DEBUG=1",
					"$(inherited)",
				);
				GCC_WARN_64_TO_32_BIT_CONVERSION = YES;
				GCC_WARN_ABOUT_RETURN_TYPE = YES_ERROR;
				GCC_WARN_UNDECLARED_SELECTOR = YES;
				GCC_WARN_UNINITIALIZED_AUTOS = YES_AGGRESSIVE;
				GCC_WARN_UNUSED_FUNCTION = YES;
				GCC_WARN_UNUSED_VARIABLE = YES;
				IPHONEOS_DEPLOYMENT_TARGET = 13.7;
				MTL_ENABLE_DEBUG_INFO = INCLUDE_SOURCE;
				MTL_FAST_MATH = YES;
				ONLY_ACTIVE_ARCH = YES;
				SDKROOT = iphoneos;
				SWIFT_ACTIVE_COMPILATION_CONDITIONS = DEBUG;
				SWIFT_OPTIMIZATION_LEVEL = "-Onone";
			};
			name = Debug;
		};
		FBA1F608252F5C0600FFB80C /* Release */ = {
			isa = XCBuildConfiguration;
			buildSettings = {
				ALWAYS_SEARCH_USER_PATHS = NO;
				CLANG_ANALYZER_NONNULL = YES;
				CLANG_ANALYZER_NUMBER_OBJECT_CONVERSION = YES_AGGRESSIVE;
				CLANG_CXX_LANGUAGE_STANDARD = "gnu++14";
				CLANG_CXX_LIBRARY = "libc++";
				CLANG_ENABLE_MODULES = YES;
				CLANG_ENABLE_OBJC_ARC = YES;
				CLANG_ENABLE_OBJC_WEAK = YES;
				CLANG_WARN_BLOCK_CAPTURE_AUTORELEASING = YES;
				CLANG_WARN_BOOL_CONVERSION = YES;
				CLANG_WARN_COMMA = YES;
				CLANG_WARN_CONSTANT_CONVERSION = YES;
				CLANG_WARN_DEPRECATED_OBJC_IMPLEMENTATIONS = YES;
				CLANG_WARN_DIRECT_OBJC_ISA_USAGE = YES_ERROR;
				CLANG_WARN_DOCUMENTATION_COMMENTS = YES;
				CLANG_WARN_EMPTY_BODY = YES;
				CLANG_WARN_ENUM_CONVERSION = YES;
				CLANG_WARN_INFINITE_RECURSION = YES;
				CLANG_WARN_INT_CONVERSION = YES;
				CLANG_WARN_NON_LITERAL_NULL_CONVERSION = YES;
				CLANG_WARN_OBJC_IMPLICIT_RETAIN_SELF = YES;
				CLANG_WARN_OBJC_LITERAL_CONVERSION = YES;
				CLANG_WARN_OBJC_ROOT_CLASS = YES_ERROR;
				CLANG_WARN_RANGE_LOOP_ANALYSIS = YES;
				CLANG_WARN_STRICT_PROTOTYPES = YES;
				CLANG_WARN_SUSPICIOUS_MOVE = YES;
				CLANG_WARN_UNGUARDED_AVAILABILITY = YES_AGGRESSIVE;
				CLANG_WARN_UNREACHABLE_CODE = YES;
				CLANG_WARN__DUPLICATE_METHOD_MATCH = YES;
				COPY_PHASE_STRIP = NO;
				DEBUG_INFORMATION_FORMAT = "dwarf-with-dsym";
				ENABLE_NS_ASSERTIONS = NO;
				ENABLE_STRICT_OBJC_MSGSEND = YES;
				GCC_C_LANGUAGE_STANDARD = gnu11;
				GCC_NO_COMMON_BLOCKS = YES;
				GCC_WARN_64_TO_32_BIT_CONVERSION = YES;
				GCC_WARN_ABOUT_RETURN_TYPE = YES_ERROR;
				GCC_WARN_UNDECLARED_SELECTOR = YES;
				GCC_WARN_UNINITIALIZED_AUTOS = YES_AGGRESSIVE;
				GCC_WARN_UNUSED_FUNCTION = YES;
				GCC_WARN_UNUSED_VARIABLE = YES;
				IPHONEOS_DEPLOYMENT_TARGET = 13.7;
				MTL_ENABLE_DEBUG_INFO = NO;
				MTL_FAST_MATH = YES;
				SDKROOT = iphoneos;
				SWIFT_COMPILATION_MODE = wholemodule;
				SWIFT_OPTIMIZATION_LEVEL = "-O";
				VALIDATE_PRODUCT = YES;
			};
			name = Release;
		};
		FBA1F60A252F5C0600FFB80C /* Debug */ = {
			isa = XCBuildConfiguration;
			buildSettings = {
				ASSETCATALOG_COMPILER_APPICON_NAME = AppIcon;
				CODE_SIGN_STYLE = Automatic;
				INFOPLIST_FILE = DemoPicker/Info.plist;
				LD_RUNPATH_SEARCH_PATHS = (
					"$(inherited)",
					"@executable_path/Frameworks",
				);
				PRODUCT_BUNDLE_IDENTIFIER = com.solera.DemoPicker;
				PRODUCT_NAME = "$(TARGET_NAME)";
				SWIFT_VERSION = 5.0;
				TARGETED_DEVICE_FAMILY = "1,2";
			};
			name = Debug;
		};
		FBA1F60B252F5C0600FFB80C /* Release */ = {
			isa = XCBuildConfiguration;
			buildSettings = {
				ASSETCATALOG_COMPILER_APPICON_NAME = AppIcon;
				CODE_SIGN_STYLE = Automatic;
				INFOPLIST_FILE = DemoPicker/Info.plist;
				LD_RUNPATH_SEARCH_PATHS = (
					"$(inherited)",
					"@executable_path/Frameworks",
				);
				PRODUCT_BUNDLE_IDENTIFIER = com.solera.DemoPicker;
				PRODUCT_NAME = "$(TARGET_NAME)";
				SWIFT_VERSION = 5.0;
				TARGETED_DEVICE_FAMILY = "1,2";
			};
			name = Release;
		};
/* End XCBuildConfiguration section */

/* Begin XCConfigurationList section */
		FBA1F5F0252F5C0500FFB80C /* Build configuration list for PBXProject "DemoPicker" */ = {
			isa = XCConfigurationList;
			buildConfigurations = (
				FBA1F607252F5C0600FFB80C /* Debug */,
				FBA1F608252F5C0600FFB80C /* Release */,
			);
			defaultConfigurationIsVisible = 0;
			defaultConfigurationName = Release;
		};
		FBA1F609252F5C0600FFB80C /* Build configuration list for PBXNativeTarget "DemoPicker" */ = {
			isa = XCConfigurationList;
			buildConfigurations = (
				FBA1F60A252F5C0600FFB80C /* Debug */,
				FBA1F60B252F5C0600FFB80C /* Release */,
			);
			defaultConfigurationIsVisible = 0;
			defaultConfigurationName = Release;
		};
/* End XCConfigurationList section */
	};
	rootObject = FBA1F5ED252F5C0500FFB80C /* Project object */;
}
