// !$*UTF8*$!
{
	archiveVersion = 1;
	classes = {
	};
	objectVersion = 50;
	objects = {

/* Begin PBXBuildFile section */
		FBF668E3254B054200A12D6C /* AppDelegate.swift in Sources */ = {isa = PBXBuildFile; fileRef = FBF668E2254B054200A12D6C /* AppDelegate.swift */; };
		FBF668E5254B054200A12D6C /* SceneDelegate.swift in Sources */ = {isa = PBXBuildFile; fileRef = FBF668E4254B054200A12D6C /* SceneDelegate.swift */; };
		FBF668E7254B054200A12D6C /* ViewController.swift in Sources */ = {isa = PBXBuildFile; fileRef = FBF668E6254B054200A12D6C /* ViewController.swift */; };
		FBF668EA254B054200A12D6C /* Main.storyboard in Resources */ = {isa = PBXBuildFile; fileRef = FBF668E8254B054200A12D6C /* Main.storyboard */; };
		FBF668EC254B054400A12D6C /* Assets.xcassets in Resources */ = {isa = PBXBuildFile; fileRef = FBF668EB254B054400A12D6C /* Assets.xcassets */; };
		FBF668EF254B054400A12D6C /* LaunchScreen.storyboard in Resources */ = {isa = PBXBuildFile; fileRef = FBF668ED254B054400A12D6C /* LaunchScreen.storyboard */; };
		FBF668F7254B0B9D00A12D6C /* FirstOptionViewController.swift in Sources */ = {isa = PBXBuildFile; fileRef = FBF668F6254B0B9D00A12D6C /* FirstOptionViewController.swift */; };
/* End PBXBuildFile section */

/* Begin PBXFileReference section */
		FBF668DF254B054200A12D6C /* SolucionParcial.app */ = {isa = PBXFileReference; explicitFileType = wrapper.application; includeInIndex = 0; path = SolucionParcial.app; sourceTree = BUILT_PRODUCTS_DIR; };
		FBF668E2254B054200A12D6C /* AppDelegate.swift */ = {isa = PBXFileReference; lastKnownFileType = sourcecode.swift; path = AppDelegate.swift; sourceTree = "<group>"; };
		FBF668E4254B054200A12D6C /* SceneDelegate.swift */ = {isa = PBXFileReference; lastKnownFileType = sourcecode.swift; path = SceneDelegate.swift; sourceTree = "<group>"; };
		FBF668E6254B054200A12D6C /* ViewController.swift */ = {isa = PBXFileReference; lastKnownFileType = sourcecode.swift; path = ViewController.swift; sourceTree = "<group>"; };
		FBF668E9254B054200A12D6C /* Base */ = {isa = PBXFileReference; lastKnownFileType = file.storyboard; name = Base; path = Base.lproj/Main.storyboard; sourceTree = "<group>"; };
		FBF668EB254B054400A12D6C /* Assets.xcassets */ = {isa = PBXFileReference; lastKnownFileType = folder.assetcatalog; path = Assets.xcassets; sourceTree = "<group>"; };
		FBF668EE254B054400A12D6C /* Base */ = {isa = PBXFileReference; lastKnownFileType = file.storyboard; name = Base; path = Base.lproj/LaunchScreen.storyboard; sourceTree = "<group>"; };
		FBF668F0254B054400A12D6C /* Info.plist */ = {isa = PBXFileReference; lastKnownFileType = text.plist.xml; path = Info.plist; sourceTree = "<group>"; };
		FBF668F6254B0B9D00A12D6C /* FirstOptionViewController.swift */ = {isa = PBXFileReference; lastKnownFileType = sourcecode.swift; path = FirstOptionViewController.swift; sourceTree = "<group>"; };
/* End PBXFileReference section */

/* Begin PBXFrameworksBuildPhase section */
		FBF668DC254B054200A12D6C /* Frameworks */ = {
			isa = PBXFrameworksBuildPhase;
			buildActionMask = 2147483647;
			files = (
			);
			runOnlyForDeploymentPostprocessing = 0;
		};
/* End PBXFrameworksBuildPhase section */

/* Begin PBXGroup section */
		FBF668D6254B054200A12D6C = {
			isa = PBXGroup;
			children = (
				FBF668E1254B054200A12D6C /* SolucionParcial */,
				FBF668E0254B054200A12D6C /* Products */,
			);
			sourceTree = "<group>";
		};
		FBF668E0254B054200A12D6C /* Products */ = {
			isa = PBXGroup;
			children = (
				FBF668DF254B054200A12D6C /* SolucionParcial.app */,
			);
			name = Products;
			sourceTree = "<group>";
		};
		FBF668E1254B054200A12D6C /* SolucionParcial */ = {
			isa = PBXGroup;
			children = (
				FBF668E2254B054200A12D6C /* AppDelegate.swift */,
				FBF668E4254B054200A12D6C /* SceneDelegate.swift */,
				FBF668E6254B054200A12D6C /* ViewController.swift */,
				FBF668E8254B054200A12D6C /* Main.storyboard */,
				FBF668EB254B054400A12D6C /* Assets.xcassets */,
				FBF668ED254B054400A12D6C /* LaunchScreen.storyboard */,
				FBF668F0254B054400A12D6C /* Info.plist */,
				FBF668F6254B0B9D00A12D6C /* FirstOptionViewController.swift */,
			);
			path = SolucionParcial;
			sourceTree = "<group>";
		};
/* End PBXGroup section */

/* Begin PBXNativeTarget section */
		FBF668DE254B054200A12D6C /* SolucionParcial */ = {
			isa = PBXNativeTarget;
			buildConfigurationList = FBF668F3254B054400A12D6C /* Build configuration list for PBXNativeTarget "SolucionParcial" */;
			buildPhases = (
				FBF668DB254B054200A12D6C /* Sources */,
				FBF668DC254B054200A12D6C /* Frameworks */,
				FBF668DD254B054200A12D6C /* Resources */,
			);
			buildRules = (
			);
			dependencies = (
			);
			name = SolucionParcial;
			productName = SolucionParcial;
			productReference = FBF668DF254B054200A12D6C /* SolucionParcial.app */;
			productType = "com.apple.product-type.application";
		};
/* End PBXNativeTarget section */

/* Begin PBXProject section */
		FBF668D7254B054200A12D6C /* Project object */ = {
			isa = PBXProject;
			attributes = {
				LastSwiftUpdateCheck = 1170;
				LastUpgradeCheck = 1170;
				ORGANIZATIONNAME = "Kenyi Rodriguez";
				TargetAttributes = {
					FBF668DE254B054200A12D6C = {
						CreatedOnToolsVersion = 11.7;
					};
				};
			};
			buildConfigurationList = FBF668DA254B054200A12D6C /* Build configuration list for PBXProject "SolucionParcial" */;
			compatibilityVersion = "Xcode 9.3";
			developmentRegion = en;
			hasScannedForEncodings = 0;
			knownRegions = (
				en,
				Base,
			);
			mainGroup = FBF668D6254B054200A12D6C;
			productRefGroup = FBF668E0254B054200A12D6C /* Products */;
			projectDirPath = "";
			projectRoot = "";
			targets = (
				FBF668DE254B054200A12D6C /* SolucionParcial */,
			);
		};
/* End PBXProject section */

/* Begin PBXResourcesBuildPhase section */
		FBF668DD254B054200A12D6C /* Resources */ = {
			isa = PBXResourcesBuildPhase;
			buildActionMask = 2147483647;
			files = (
				FBF668EF254B054400A12D6C /* LaunchScreen.storyboard in Resources */,
				FBF668EC254B054400A12D6C /* Assets.xcassets in Resources */,
				FBF668EA254B054200A12D6C /* Main.storyboard in Resources */,
			);
			runOnlyForDeploymentPostprocessing = 0;
		};
/* End PBXResourcesBuildPhase section */

/* Begin PBXSourcesBuildPhase section */
		FBF668DB254B054200A12D6C /* Sources */ = {
			isa = PBXSourcesBuildPhase;
			buildActionMask = 2147483647;
			files = (
				FBF668E7254B054200A12D6C /* ViewController.swift in Sources */,
				FBF668E3254B054200A12D6C /* AppDelegate.swift in Sources */,
				FBF668F7254B0B9D00A12D6C /* FirstOptionViewController.swift in Sources */,
				FBF668E5254B054200A12D6C /* SceneDelegate.swift in Sources */,
			);
			runOnlyForDeploymentPostprocessing = 0;
		};
/* End PBXSourcesBuildPhase section */

/* Begin PBXVariantGroup section */
		FBF668E8254B054200A12D6C /* Main.storyboard */ = {
			isa = PBXVariantGroup;
			children = (
				FBF668E9254B054200A12D6C /* Base */,
			);
			name = Main.storyboard;
			sourceTree = "<group>";
		};
		FBF668ED254B054400A12D6C /* LaunchScreen.storyboard */ = {
			isa = PBXVariantGroup;
			children = (
				FBF668EE254B054400A12D6C /* Base */,
			);
			name = LaunchScreen.storyboard;
			sourceTree = "<group>";
		};
/* End PBXVariantGroup section */

/* Begin XCBuildConfiguration section */
		FBF668F1254B054400A12D6C /* Debug */ = {
			isa = XCBuildConfiguration;
			buildSettings = {
				ALWAYS_SEARCH_USER_PATHS = NO;
				CLANG_ANALYZER_NONNULL = YES;
				CLANG_ANALYZER_NUMBER_OBJECT_CONVERSION = YES_AGGRESSIVE;
				CLANG_CXX_LANGUAGE_STANDARD = "gnu++14";
				CLANG_CXX_LIBRARY = "libc++";
				CLANG_ENABLE_MODULES = YES;
				CLANG_ENABLE_OBJC_ARC = YES;
				CLANG_ENABLE_OBJC_WEAK = YES;
				CLANG_WARN_BLOCK_CAPTURE_AUTORELEASING = YES;
				CLANG_WARN_BOOL_CONVERSION = YES;
				CLANG_WARN_COMMA = YES;
				CLANG_WARN_CONSTANT_CONVERSION = YES;
				CLANG_WARN_DEPRECATED_OBJC_IMPLEMENTATIONS = YES;
				CLANG_WARN_DIRECT_OBJC_ISA_USAGE = YES_ERROR;
				CLANG_WARN_DOCUMENTATION_COMMENTS = YES;
				CLANG_WARN_EMPTY_BODY = YES;
				CLANG_WARN_ENUM_CONVERSION = YES;
				CLANG_WARN_INFINITE_RECURSION = YES;
				CLANG_WARN_INT_CONVERSION = YES;
				CLANG_WARN_NON_LITERAL_NULL_CONVERSION = YES;
				CLANG_WARN_OBJC_IMPLICIT_RETAIN_SELF = YES;
				CLANG_WARN_OBJC_LITERAL_CONVERSION = YES;
				CLANG_WARN_OBJC_ROOT_CLASS = YES_ERROR;
				CLANG_WARN_RANGE_LOOP_ANALYSIS = YES;
				CLANG_WARN_STRICT_PROTOTYPES = YES;
				CLANG_WARN_SUSPICIOUS_MOVE = YES;
				CLANG_WARN_UNGUARDED_AVAILABILITY = YES_AGGRESSIVE;
				CLANG_WARN_UNREACHABLE_CODE = YES;
				CLANG_WARN__DUPLICATE_METHOD_MATCH = YES;
				COPY_PHASE_STRIP = NO;
				DEBUG_INFORMATION_FORMAT = dwarf;
				ENABLE_STRICT_OBJC_MSGSEND = YES;
				ENABLE_TESTABILITY = YES;
				GCC_C_LANGUAGE_STANDARD = gnu11;
				GCC_DYNAMIC_NO_PIC = NO;
				GCC_NO_COMMON_BLOCKS = YES;
				GCC_OPTIMIZATION_LEVEL = 0;
				GCC_PREPROCESSOR_DEFINITIONS = (
					"DEBUG=1",
					"$(inherited)",
				);
				GCC_WARN_64_TO_32_BIT_CONVERSION = YES;
				GCC_WARN_ABOUT_RETURN_TYPE = YES_ERROR;
				GCC_WARN_UNDECLARED_SELECTOR = YES;
				GCC_WARN_UNINITIALIZED_AUTOS = YES_AGGRESSIVE;
				GCC_WARN_UNUSED_FUNCTION = YES;
				GCC_WARN_UNUSED_VARIABLE = YES;
				IPHONEOS_DEPLOYMENT_TARGET = 13.7;
				MTL_ENABLE_DEBUG_INFO = INCLUDE_SOURCE;
				MTL_FAST_MATH = YES;
				ONLY_ACTIVE_ARCH = YES;
				SDKROOT = iphoneos;
				SWIFT_ACTIVE_COMPILATION_CONDITIONS = DEBUG;
				SWIFT_OPTIMIZATION_LEVEL = "-Onone";
			};
			name = Debug;
		};
		FBF668F2254B054400A12D6C /* Release */ = {
			isa = XCBuildConfiguration;
			buildSettings = {
				ALWAYS_SEARCH_USER_PATHS = NO;
				CLANG_ANALYZER_NONNULL = YES;
				CLANG_ANALYZER_NUMBER_OBJECT_CONVERSION = YES_AGGRESSIVE;
				CLANG_CXX_LANGUAGE_STANDARD = "gnu++14";
				CLANG_CXX_LIBRARY = "libc++";
				CLANG_ENABLE_MODULES = YES;
				CLANG_ENABLE_OBJC_ARC = YES;
				CLANG_ENABLE_OBJC_WEAK = YES;
				CLANG_WARN_BLOCK_CAPTURE_AUTORELEASING = YES;
				CLANG_WARN_BOOL_CONVERSION = YES;
				CLANG_WARN_COMMA = YES;
				CLANG_WARN_CONSTANT_CONVERSION = YES;
				CLANG_WARN_DEPRECATED_OBJC_IMPLEMENTATIONS = YES;
				CLANG_WARN_DIRECT_OBJC_ISA_USAGE = YES_ERROR;
				CLANG_WARN_DOCUMENTATION_COMMENTS = YES;
				CLANG_WARN_EMPTY_BODY = YES;
				CLANG_WARN_ENUM_CONVERSION = YES;
				CLANG_WARN_INFINITE_RECURSION = YES;
				CLANG_WARN_INT_CONVERSION = YES;
				CLANG_WARN_NON_LITERAL_NULL_CONVERSION = YES;
				CLANG_WARN_OBJC_IMPLICIT_RETAIN_SELF = YES;
				CLANG_WARN_OBJC_LITERAL_CONVERSION = YES;
				CLANG_WARN_OBJC_ROOT_CLASS = YES_ERROR;
				CLANG_WARN_RANGE_LOOP_ANALYSIS = YES;
				CLANG_WARN_STRICT_PROTOTYPES = YES;
				CLANG_WARN_SUSPICIOUS_MOVE = YES;
				CLANG_WARN_UNGUARDED_AVAILABILITY = YES_AGGRESSIVE;
				CLANG_WARN_UNREACHABLE_CODE = YES;
				CLANG_WARN__DUPLICATE_METHOD_MATCH = YES;
				COPY_PHASE_STRIP = NO;
				DEBUG_INFORMATION_FORMAT = "dwarf-with-dsym";
				ENABLE_NS_ASSERTIONS = NO;
				ENABLE_STRICT_OBJC_MSGSEND = YES;
				GCC_C_LANGUAGE_STANDARD = gnu11;
				GCC_NO_COMMON_BLOCKS = YES;
				GCC_WARN_64_TO_32_BIT_CONVERSION = YES;
				GCC_WARN_ABOUT_RETURN_TYPE = YES_ERROR;
				GCC_WARN_UNDECLARED_SELECTOR = YES;
				GCC_WARN_UNINITIALIZED_AUTOS = YES_AGGRESSIVE;
				GCC_WARN_UNUSED_FUNCTION = YES;
				GCC_WARN_UNUSED_VARIABLE = YES;
				IPHONEOS_DEPLOYMENT_TARGET = 13.7;
				MTL_ENABLE_DEBUG_INFO = NO;
				MTL_FAST_MATH = YES;
				SDKROOT = iphoneos;
				SWIFT_COMPILATION_MODE = wholemodule;
				SWIFT_OPTIMIZATION_LEVEL = "-O";
				VALIDATE_PRODUCT = YES;
			};
			name = Release;
		};
		FBF668F4254B054400A12D6C /* Debug */ = {
			isa = XCBuildConfiguration;
			buildSettings = {
				ASSETCATALOG_COMPILER_APPICON_NAME = AppIcon;
				CODE_SIGN_STYLE = Automatic;
				INFOPLIST_FILE = SolucionParcial/Info.plist;
				LD_RUNPATH_SEARCH_PATHS = (
					"$(inherited)",
					"@executable_path/Frameworks",
				);
				PRODUCT_BUNDLE_IDENTIFIER = com.solera.SolucionParcial;
				PRODUCT_NAME = "$(TARGET_NAME)";
				SWIFT_VERSION = 5.0;
				TARGETED_DEVICE_FAMILY = "1,2";
			};
			name = Debug;
		};
		FBF668F5254B054400A12D6C /* Release */ = {
			isa = XCBuildConfiguration;
			buildSettings = {
				ASSETCATALOG_COMPILER_APPICON_NAME = AppIcon;
				CODE_SIGN_STYLE = Automatic;
				INFOPLIST_FILE = SolucionParcial/Info.plist;
				LD_RUNPATH_SEARCH_PATHS = (
					"$(inherited)",
					"@executable_path/Frameworks",
				);
				PRODUCT_BUNDLE_IDENTIFIER = com.solera.SolucionParcial;
				PRODUCT_NAME = "$(TARGET_NAME)";
				SWIFT_VERSION = 5.0;
				TARGETED_DEVICE_FAMILY = "1,2";
			};
			name = Release;
		};
/* End XCBuildConfiguration section */

/* Begin XCConfigurationList section */
		FBF668DA254B054200A12D6C /* Build configuration list for PBXProject "SolucionParcial" */ = {
			isa = XCConfigurationList;
			buildConfigurations = (
				FBF668F1254B054400A12D6C /* Debug */,
				FBF668F2254B054400A12D6C /* Release */,
			);
			defaultConfigurationIsVisible = 0;
			defaultConfigurationName = Release;
		};
		FBF668F3254B054400A12D6C /* Build configuration list for PBXNativeTarget "SolucionParcial" */ = {
			isa = XCConfigurationList;
			buildConfigurations = (
				FBF668F4254B054400A12D6C /* Debug */,
				FBF668F5254B054400A12D6C /* Release */,
			);
			defaultConfigurationIsVisible = 0;
			defaultConfigurationName = Release;
		};
/* End XCConfigurationList section */
	};
	rootObject = FBF668D7254B054200A12D6C /* Project object */;
}
