// !$*UTF8*$!
{
	archiveVersion = 1;
	classes = {
	};
	objectVersion = 50;
	objects = {

/* Begin PBXBuildFile section */
		FB75D891251CF83B001CA47D /* AppDelegate.swift in Sources */ = {isa = PBXBuildFile; fileRef = FB75D890251CF83B001CA47D /* AppDelegate.swift */; };
		FB75D893251CF83B001CA47D /* SceneDelegate.swift in Sources */ = {isa = PBXBuildFile; fileRef = FB75D892251CF83B001CA47D /* SceneDelegate.swift */; };
		FB75D898251CF83B001CA47D /* Main.storyboard in Resources */ = {isa = PBXBuildFile; fileRef = FB75D896251CF83B001CA47D /* Main.storyboard */; };
		FB75D89A251CF83C001CA47D /* Assets.xcassets in Resources */ = {isa = PBXBuildFile; fileRef = FB75D899251CF83C001CA47D /* Assets.xcassets */; };
		FB75D89D251CF83C001CA47D /* LaunchScreen.storyboard in Resources */ = {isa = PBXBuildFile; fileRef = FB75D89B251CF83C001CA47D /* LaunchScreen.storyboard */; };
		FB75D8A5251CF8FB001CA47D /* AnimarConstraintViewController.swift in Sources */ = {isa = PBXBuildFile; fileRef = FB75D8A4251CF8FB001CA47D /* AnimarConstraintViewController.swift */; };
/* End PBXBuildFile section */

/* Begin PBXFileReference section */
		FB75D88D251CF83B001CA47D /* AnimacionConstraints.app */ = {isa = PBXFileReference; explicitFileType = wrapper.application; includeInIndex = 0; path = AnimacionConstraints.app; sourceTree = BUILT_PRODUCTS_DIR; };
		FB75D890251CF83B001CA47D /* AppDelegate.swift */ = {isa = PBXFileReference; lastKnownFileType = sourcecode.swift; path = AppDelegate.swift; sourceTree = "<group>"; };
		FB75D892251CF83B001CA47D /* SceneDelegate.swift */ = {isa = PBXFileReference; lastKnownFileType = sourcecode.swift; path = SceneDelegate.swift; sourceTree = "<group>"; };
		FB75D897251CF83B001CA47D /* Base */ = {isa = PBXFileReference; lastKnownFileType = file.storyboard; name = Base; path = Base.lproj/Main.storyboard; sourceTree = "<group>"; };
		FB75D899251CF83C001CA47D /* Assets.xcassets */ = {isa = PBXFileReference; lastKnownFileType = folder.assetcatalog; path = Assets.xcassets; sourceTree = "<group>"; };
		FB75D89C251CF83C001CA47D /* Base */ = {isa = PBXFileReference; lastKnownFileType = file.storyboard; name = Base; path = Base.lproj/LaunchScreen.storyboard; sourceTree = "<group>"; };
		FB75D89E251CF83C001CA47D /* Info.plist */ = {isa = PBXFileReference; lastKnownFileType = text.plist.xml; path = Info.plist; sourceTree = "<group>"; };
		FB75D8A4251CF8FB001CA47D /* AnimarConstraintViewController.swift */ = {isa = PBXFileReference; lastKnownFileType = sourcecode.swift; path = AnimarConstraintViewController.swift; sourceTree = "<group>"; };
/* End PBXFileReference section */

/* Begin PBXFrameworksBuildPhase section */
		FB75D88A251CF83B001CA47D /* Frameworks */ = {
			isa = PBXFrameworksBuildPhase;
			buildActionMask = 2147483647;
			files = (
			);
			runOnlyForDeploymentPostprocessing = 0;
		};
/* End PBXFrameworksBuildPhase section */

/* Begin PBXGroup section */
		FB75D884251CF83B001CA47D = {
			isa = PBXGroup;
			children = (
				FB75D88F251CF83B001CA47D /* AnimacionConstraints */,
				FB75D88E251CF83B001CA47D /* Products */,
			);
			sourceTree = "<group>";
		};
		FB75D88E251CF83B001CA47D /* Products */ = {
			isa = PBXGroup;
			children = (
				FB75D88D251CF83B001CA47D /* AnimacionConstraints.app */,
			);
			name = Products;
			sourceTree = "<group>";
		};
		FB75D88F251CF83B001CA47D /* AnimacionConstraints */ = {
			isa = PBXGroup;
			children = (
				FB75D890251CF83B001CA47D /* AppDelegate.swift */,
				FB75D892251CF83B001CA47D /* SceneDelegate.swift */,
				FB75D896251CF83B001CA47D /* Main.storyboard */,
				FB75D899251CF83C001CA47D /* Assets.xcassets */,
				FB75D89B251CF83C001CA47D /* LaunchScreen.storyboard */,
				FB75D89E251CF83C001CA47D /* Info.plist */,
				FB75D8A4251CF8FB001CA47D /* AnimarConstraintViewController.swift */,
			);
			path = AnimacionConstraints;
			sourceTree = "<group>";
		};
/* End PBXGroup section */

/* Begin PBXNativeTarget section */
		FB75D88C251CF83B001CA47D /* AnimacionConstraints */ = {
			isa = PBXNativeTarget;
			buildConfigurationList = FB75D8A1251CF83C001CA47D /* Build configuration list for PBXNativeTarget "AnimacionConstraints" */;
			buildPhases = (
				FB75D889251CF83B001CA47D /* Sources */,
				FB75D88A251CF83B001CA47D /* Frameworks */,
				FB75D88B251CF83B001CA47D /* Resources */,
			);
			buildRules = (
			);
			dependencies = (
			);
			name = AnimacionConstraints;
			productName = AnimacionConstraints;
			productReference = FB75D88D251CF83B001CA47D /* AnimacionConstraints.app */;
			productType = "com.apple.product-type.application";
		};
/* End PBXNativeTarget section */

/* Begin PBXProject section */
		FB75D885251CF83B001CA47D /* Project object */ = {
			isa = PBXProject;
			attributes = {
				LastSwiftUpdateCheck = 1170;
				LastUpgradeCheck = 1170;
				ORGANIZATIONNAME = "Kenyi Rodriguez";
				TargetAttributes = {
					FB75D88C251CF83B001CA47D = {
						CreatedOnToolsVersion = 11.7;
					};
				};
			};
			buildConfigurationList = FB75D888251CF83B001CA47D /* Build configuration list for PBXProject "AnimacionConstraints" */;
			compatibilityVersion = "Xcode 9.3";
			developmentRegion = en;
			hasScannedForEncodings = 0;
			knownRegions = (
				en,
				Base,
			);
			mainGroup = FB75D884251CF83B001CA47D;
			productRefGroup = FB75D88E251CF83B001CA47D /* Products */;
			projectDirPath = "";
			projectRoot = "";
			targets = (
				FB75D88C251CF83B001CA47D /* AnimacionConstraints */,
			);
		};
/* End PBXProject section */

/* Begin PBXResourcesBuildPhase section */
		FB75D88B251CF83B001CA47D /* Resources */ = {
			isa = PBXResourcesBuildPhase;
			buildActionMask = 2147483647;
			files = (
				FB75D89D251CF83C001CA47D /* LaunchScreen.storyboard in Resources */,
				FB75D89A251CF83C001CA47D /* Assets.xcassets in Resources */,
				FB75D898251CF83B001CA47D /* Main.storyboard in Resources */,
			);
			runOnlyForDeploymentPostprocessing = 0;
		};
/* End PBXResourcesBuildPhase section */

/* Begin PBXSourcesBuildPhase section */
		FB75D889251CF83B001CA47D /* Sources */ = {
			isa = PBXSourcesBuildPhase;
			buildActionMask = 2147483647;
			files = (
				FB75D891251CF83B001CA47D /* AppDelegate.swift in Sources */,
				FB75D893251CF83B001CA47D /* SceneDelegate.swift in Sources */,
				FB75D8A5251CF8FB001CA47D /* AnimarConstraintViewController.swift in Sources */,
			);
			runOnlyForDeploymentPostprocessing = 0;
		};
/* End PBXSourcesBuildPhase section */

/* Begin PBXVariantGroup section */
		FB75D896251CF83B001CA47D /* Main.storyboard */ = {
			isa = PBXVariantGroup;
			children = (
				FB75D897251CF83B001CA47D /* Base */,
			);
			name = Main.storyboard;
			sourceTree = "<group>";
		};
		FB75D89B251CF83C001CA47D /* LaunchScreen.storyboard */ = {
			isa = PBXVariantGroup;
			children = (
				FB75D89C251CF83C001CA47D /* Base */,
			);
			name = LaunchScreen.storyboard;
			sourceTree = "<group>";
		};
/* End PBXVariantGroup section */

/* Begin XCBuildConfiguration section */
		FB75D89F251CF83C001CA47D /* Debug */ = {
			isa = XCBuildConfiguration;
			buildSettings = {
				ALWAYS_SEARCH_USER_PATHS = NO;
				CLANG_ANALYZER_NONNULL = YES;
				CLANG_ANALYZER_NUMBER_OBJECT_CONVERSION = YES_AGGRESSIVE;
				CLANG_CXX_LANGUAGE_STANDARD = "gnu++14";
				CLANG_CXX_LIBRARY = "libc++";
				CLANG_ENABLE_MODULES = YES;
				CLANG_ENABLE_OBJC_ARC = YES;
				CLANG_ENABLE_OBJC_WEAK = YES;
				CLANG_WARN_BLOCK_CAPTURE_AUTORELEASING = YES;
				CLANG_WARN_BOOL_CONVERSION = YES;
				CLANG_WARN_COMMA = YES;
				CLANG_WARN_CONSTANT_CONVERSION = YES;
				CLANG_WARN_DEPRECATED_OBJC_IMPLEMENTATIONS = YES;
				CLANG_WARN_DIRECT_OBJC_ISA_USAGE = YES_ERROR;
				CLANG_WARN_DOCUMENTATION_COMMENTS = YES;
				CLANG_WARN_EMPTY_BODY = YES;
				CLANG_WARN_ENUM_CONVERSION = YES;
				CLANG_WARN_INFINITE_RECURSION = YES;
				CLANG_WARN_INT_CONVERSION = YES;
				CLANG_WARN_NON_LITERAL_NULL_CONVERSION = YES;
				CLANG_WARN_OBJC_IMPLICIT_RETAIN_SELF = YES;
				CLANG_WARN_OBJC_LITERAL_CONVERSION = YES;
				CLANG_WARN_OBJC_ROOT_CLASS = YES_ERROR;
				CLANG_WARN_RANGE_LOOP_ANALYSIS = YES;
				CLANG_WARN_STRICT_PROTOTYPES = YES;
				CLANG_WARN_SUSPICIOUS_MOVE = YES;
				CLANG_WARN_UNGUARDED_AVAILABILITY = YES_AGGRESSIVE;
				CLANG_WARN_UNREACHABLE_CODE = YES;
				CLANG_WARN__DUPLICATE_METHOD_MATCH = YES;
				COPY_PHASE_STRIP = NO;
				DEBUG_INFORMATION_FORMAT = dwarf;
				ENABLE_STRICT_OBJC_MSGSEND = YES;
				ENABLE_TESTABILITY = YES;
				GCC_C_LANGUAGE_STANDARD = gnu11;
				GCC_DYNAMIC_NO_PIC = NO;
				GCC_NO_COMMON_BLOCKS = YES;
				GCC_OPTIMIZATION_LEVEL = 0;
				GCC_PREPROCESSOR_DEFINITIONS = (
					"DEBUG=1",
					"$(inherited)",
				);
				GCC_WARN_64_TO_32_BIT_CONVERSION = YES;
				GCC_WARN_ABOUT_RETURN_TYPE = YES_ERROR;
				GCC_WARN_UNDECLARED_SELECTOR = YES;
				GCC_WARN_UNINITIALIZED_AUTOS = YES_AGGRESSIVE;
				GCC_WARN_UNUSED_FUNCTION = YES;
				GCC_WARN_UNUSED_VARIABLE = YES;
				IPHONEOS_DEPLOYMENT_TARGET = 13.7;
				MTL_ENABLE_DEBUG_INFO = INCLUDE_SOURCE;
				MTL_FAST_MATH = YES;
				ONLY_ACTIVE_ARCH = YES;
				SDKROOT = iphoneos;
				SWIFT_ACTIVE_COMPILATION_CONDITIONS = DEBUG;
				SWIFT_OPTIMIZATION_LEVEL = "-Onone";
			};
			name = Debug;
		};
		FB75D8A0251CF83C001CA47D /* Release */ = {
			isa = XCBuildConfiguration;
			buildSettings = {
				ALWAYS_SEARCH_USER_PATHS = NO;
				CLANG_ANALYZER_NONNULL = YES;
				CLANG_ANALYZER_NUMBER_OBJECT_CONVERSION = YES_AGGRESSIVE;
				CLANG_CXX_LANGUAGE_STANDARD = "gnu++14";
				CLANG_CXX_LIBRARY = "libc++";
				CLANG_ENABLE_MODULES = YES;
				CLANG_ENABLE_OBJC_ARC = YES;
				CLANG_ENABLE_OBJC_WEAK = YES;
				CLANG_WARN_BLOCK_CAPTURE_AUTORELEASING = YES;
				CLANG_WARN_BOOL_CONVERSION = YES;
				CLANG_WARN_COMMA = YES;
				CLANG_WARN_CONSTANT_CONVERSION = YES;
				CLANG_WARN_DEPRECATED_OBJC_IMPLEMENTATIONS = YES;
				CLANG_WARN_DIRECT_OBJC_ISA_USAGE = YES_ERROR;
				CLANG_WARN_DOCUMENTATION_COMMENTS = YES;
				CLANG_WARN_EMPTY_BODY = YES;
				CLANG_WARN_ENUM_CONVERSION = YES;
				CLANG_WARN_INFINITE_RECURSION = YES;
				CLANG_WARN_INT_CONVERSION = YES;
				CLANG_WARN_NON_LITERAL_NULL_CONVERSION = YES;
				CLANG_WARN_OBJC_IMPLICIT_RETAIN_SELF = YES;
				CLANG_WARN_OBJC_LITERAL_CONVERSION = YES;
				CLANG_WARN_OBJC_ROOT_CLASS = YES_ERROR;
				CLANG_WARN_RANGE_LOOP_ANALYSIS = YES;
				CLANG_WARN_STRICT_PROTOTYPES = YES;
				CLANG_WARN_SUSPICIOUS_MOVE = YES;
				CLANG_WARN_UNGUARDED_AVAILABILITY = YES_AGGRESSIVE;
				CLANG_WARN_UNREACHABLE_CODE = YES;
				CLANG_WARN__DUPLICATE_METHOD_MATCH = YES;
				COPY_PHASE_STRIP = NO;
				DEBUG_INFORMATION_FORMAT = "dwarf-with-dsym";
				ENABLE_NS_ASSERTIONS = NO;
				ENABLE_STRICT_OBJC_MSGSEND = YES;
				GCC_C_LANGUAGE_STANDARD = gnu11;
				GCC_NO_COMMON_BLOCKS = YES;
				GCC_WARN_64_TO_32_BIT_CONVERSION = YES;
				GCC_WARN_ABOUT_RETURN_TYPE = YES_ERROR;
				GCC_WARN_UNDECLARED_SELECTOR = YES;
				GCC_WARN_UNINITIALIZED_AUTOS = YES_AGGRESSIVE;
				GCC_WARN_UNUSED_FUNCTION = YES;
				GCC_WARN_UNUSED_VARIABLE = YES;
				IPHONEOS_DEPLOYMENT_TARGET = 13.7;
				MTL_ENABLE_DEBUG_INFO = NO;
				MTL_FAST_MATH = YES;
				SDKROOT = iphoneos;
				SWIFT_COMPILATION_MODE = wholemodule;
				SWIFT_OPTIMIZATION_LEVEL = "-O";
				VALIDATE_PRODUCT = YES;
			};
			name = Release;
		};
		FB75D8A2251CF83C001CA47D /* Debug */ = {
			isa = XCBuildConfiguration;
			buildSettings = {
				ASSETCATALOG_COMPILER_APPICON_NAME = AppIcon;
				CODE_SIGN_STYLE = Automatic;
				INFOPLIST_FILE = AnimacionConstraints/Info.plist;
				LD_RUNPATH_SEARCH_PATHS = (
					"$(inherited)",
					"@executable_path/Frameworks",
				);
				PRODUCT_BUNDLE_IDENTIFIER = com.solera.AnimacionConstraints;
				PRODUCT_NAME = "$(TARGET_NAME)";
				SWIFT_VERSION = 5.0;
				TARGETED_DEVICE_FAMILY = "1,2";
			};
			name = Debug;
		};
		FB75D8A3251CF83C001CA47D /* Release */ = {
			isa = XCBuildConfiguration;
			buildSettings = {
				ASSETCATALOG_COMPILER_APPICON_NAME = AppIcon;
				CODE_SIGN_STYLE = Automatic;
				INFOPLIST_FILE = AnimacionConstraints/Info.plist;
				LD_RUNPATH_SEARCH_PATHS = (
					"$(inherited)",
					"@executable_path/Frameworks",
				);
				PRODUCT_BUNDLE_IDENTIFIER = com.solera.AnimacionConstraints;
				PRODUCT_NAME = "$(TARGET_NAME)";
				SWIFT_VERSION = 5.0;
				TARGETED_DEVICE_FAMILY = "1,2";
			};
			name = Release;
		};
/* End XCBuildConfiguration section */

/* Begin XCConfigurationList section */
		FB75D888251CF83B001CA47D /* Build configuration list for PBXProject "AnimacionConstraints" */ = {
			isa = XCConfigurationList;
			buildConfigurations = (
				FB75D89F251CF83C001CA47D /* Debug */,
				FB75D8A0251CF83C001CA47D /* Release */,
			);
			defaultConfigurationIsVisible = 0;
			defaultConfigurationName = Release;
		};
		FB75D8A1251CF83C001CA47D /* Build configuration list for PBXNativeTarget "AnimacionConstraints" */ = {
			isa = XCConfigurationList;
			buildConfigurations = (
				FB75D8A2251CF83C001CA47D /* Debug */,
				FB75D8A3251CF83C001CA47D /* Release */,
			);
			defaultConfigurationIsVisible = 0;
			defaultConfigurationName = Release;
		};
/* End XCConfigurationList section */
	};
	rootObject = FB75D885251CF83B001CA47D /* Project object */;
}
