// !$*UTF8*$!
{
	archiveVersion = 1;
	classes = {
	};
	objectVersion = 50;
	objects = {

/* Begin PBXBuildFile section */
		FB75592A251CE1DD00C4914E /* AppDelegate.swift in Sources */ = {isa = PBXBuildFile; fileRef = FB755929251CE1DD00C4914E /* AppDelegate.swift */; };
		FB75592C251CE1DD00C4914E /* SceneDelegate.swift in Sources */ = {isa = PBXBuildFile; fileRef = FB75592B251CE1DD00C4914E /* SceneDelegate.swift */; };
		FB75592E251CE1DD00C4914E /* ViewController.swift in Sources */ = {isa = PBXBuildFile; fileRef = FB75592D251CE1DD00C4914E /* ViewController.swift */; };
		FB755931251CE1DD00C4914E /* Main.storyboard in Resources */ = {isa = PBXBuildFile; fileRef = FB75592F251CE1DD00C4914E /* Main.storyboard */; };
		FB755933251CE1E000C4914E /* Assets.xcassets in Resources */ = {isa = PBXBuildFile; fileRef = FB755932251CE1E000C4914E /* Assets.xcassets */; };
		FB755936251CE1E000C4914E /* LaunchScreen.storyboard in Resources */ = {isa = PBXBuildFile; fileRef = FB755934251CE1E000C4914E /* LaunchScreen.storyboard */; };
/* End PBXBuildFile section */

/* Begin PBXFileReference section */
		FB755926251CE1DD00C4914E /* DemoConstraintsParte2.app */ = {isa = PBXFileReference; explicitFileType = wrapper.application; includeInIndex = 0; path = DemoConstraintsParte2.app; sourceTree = BUILT_PRODUCTS_DIR; };
		FB755929251CE1DD00C4914E /* AppDelegate.swift */ = {isa = PBXFileReference; lastKnownFileType = sourcecode.swift; path = AppDelegate.swift; sourceTree = "<group>"; };
		FB75592B251CE1DD00C4914E /* SceneDelegate.swift */ = {isa = PBXFileReference; lastKnownFileType = sourcecode.swift; path = SceneDelegate.swift; sourceTree = "<group>"; };
		FB75592D251CE1DD00C4914E /* ViewController.swift */ = {isa = PBXFileReference; lastKnownFileType = sourcecode.swift; path = ViewController.swift; sourceTree = "<group>"; };
		FB755930251CE1DD00C4914E /* Base */ = {isa = PBXFileReference; lastKnownFileType = file.storyboard; name = Base; path = Base.lproj/Main.storyboard; sourceTree = "<group>"; };
		FB755932251CE1E000C4914E /* Assets.xcassets */ = {isa = PBXFileReference; lastKnownFileType = folder.assetcatalog; path = Assets.xcassets; sourceTree = "<group>"; };
		FB755935251CE1E000C4914E /* Base */ = {isa = PBXFileReference; lastKnownFileType = file.storyboard; name = Base; path = Base.lproj/LaunchScreen.storyboard; sourceTree = "<group>"; };
		FB755937251CE1E000C4914E /* Info.plist */ = {isa = PBXFileReference; lastKnownFileType = text.plist.xml; path = Info.plist; sourceTree = "<group>"; };
/* End PBXFileReference section */

/* Begin PBXFrameworksBuildPhase section */
		FB755923251CE1DD00C4914E /* Frameworks */ = {
			isa = PBXFrameworksBuildPhase;
			buildActionMask = 2147483647;
			files = (
			);
			runOnlyForDeploymentPostprocessing = 0;
		};
/* End PBXFrameworksBuildPhase section */

/* Begin PBXGroup section */
		FB75591D251CE1DD00C4914E = {
			isa = PBXGroup;
			children = (
				FB755928251CE1DD00C4914E /* DemoConstraintsParte2 */,
				FB755927251CE1DD00C4914E /* Products */,
			);
			sourceTree = "<group>";
		};
		FB755927251CE1DD00C4914E /* Products */ = {
			isa = PBXGroup;
			children = (
				FB755926251CE1DD00C4914E /* DemoConstraintsParte2.app */,
			);
			name = Products;
			sourceTree = "<group>";
		};
		FB755928251CE1DD00C4914E /* DemoConstraintsParte2 */ = {
			isa = PBXGroup;
			children = (
				FB755929251CE1DD00C4914E /* AppDelegate.swift */,
				FB75592B251CE1DD00C4914E /* SceneDelegate.swift */,
				FB75592D251CE1DD00C4914E /* ViewController.swift */,
				FB75592F251CE1DD00C4914E /* Main.storyboard */,
				FB755932251CE1E000C4914E /* Assets.xcassets */,
				FB755934251CE1E000C4914E /* LaunchScreen.storyboard */,
				FB755937251CE1E000C4914E /* Info.plist */,
			);
			path = DemoConstraintsParte2;
			sourceTree = "<group>";
		};
/* End PBXGroup section */

/* Begin PBXNativeTarget section */
		FB755925251CE1DD00C4914E /* DemoConstraintsParte2 */ = {
			isa = PBXNativeTarget;
			buildConfigurationList = FB75593A251CE1E000C4914E /* Build configuration list for PBXNativeTarget "DemoConstraintsParte2" */;
			buildPhases = (
				FB755922251CE1DD00C4914E /* Sources */,
				FB755923251CE1DD00C4914E /* Frameworks */,
				FB755924251CE1DD00C4914E /* Resources */,
			);
			buildRules = (
			);
			dependencies = (
			);
			name = DemoConstraintsParte2;
			productName = DemoConstraintsParte2;
			productReference = FB755926251CE1DD00C4914E /* DemoConstraintsParte2.app */;
			productType = "com.apple.product-type.application";
		};
/* End PBXNativeTarget section */

/* Begin PBXProject section */
		FB75591E251CE1DD00C4914E /* Project object */ = {
			isa = PBXProject;
			attributes = {
				LastSwiftUpdateCheck = 1170;
				LastUpgradeCheck = 1170;
				ORGANIZATIONNAME = "Kenyi Rodriguez";
				TargetAttributes = {
					FB755925251CE1DD00C4914E = {
						CreatedOnToolsVersion = 11.7;
					};
				};
			};
			buildConfigurationList = FB755921251CE1DD00C4914E /* Build configuration list for PBXProject "DemoConstraintsParte2" */;
			compatibilityVersion = "Xcode 9.3";
			developmentRegion = en;
			hasScannedForEncodings = 0;
			knownRegions = (
				en,
				Base,
			);
			mainGroup = FB75591D251CE1DD00C4914E;
			productRefGroup = FB755927251CE1DD00C4914E /* Products */;
			projectDirPath = "";
			projectRoot = "";
			targets = (
				FB755925251CE1DD00C4914E /* DemoConstraintsParte2 */,
			);
		};
/* End PBXProject section */

/* Begin PBXResourcesBuildPhase section */
		FB755924251CE1DD00C4914E /* Resources */ = {
			isa = PBXResourcesBuildPhase;
			buildActionMask = 2147483647;
			files = (
				FB755936251CE1E000C4914E /* LaunchScreen.storyboard in Resources */,
				FB755933251CE1E000C4914E /* Assets.xcassets in Resources */,
				FB755931251CE1DD00C4914E /* Main.storyboard in Resources */,
			);
			runOnlyForDeploymentPostprocessing = 0;
		};
/* End PBXResourcesBuildPhase section */

/* Begin PBXSourcesBuildPhase section */
		FB755922251CE1DD00C4914E /* Sources */ = {
			isa = PBXSourcesBuildPhase;
			buildActionMask = 2147483647;
			files = (
				FB75592E251CE1DD00C4914E /* ViewController.swift in Sources */,
				FB75592A251CE1DD00C4914E /* AppDelegate.swift in Sources */,
				FB75592C251CE1DD00C4914E /* SceneDelegate.swift in Sources */,
			);
			runOnlyForDeploymentPostprocessing = 0;
		};
/* End PBXSourcesBuildPhase section */

/* Begin PBXVariantGroup section */
		FB75592F251CE1DD00C4914E /* Main.storyboard */ = {
			isa = PBXVariantGroup;
			children = (
				FB755930251CE1DD00C4914E /* Base */,
			);
			name = Main.storyboard;
			sourceTree = "<group>";
		};
		FB755934251CE1E000C4914E /* LaunchScreen.storyboard */ = {
			isa = PBXVariantGroup;
			children = (
				FB755935251CE1E000C4914E /* Base */,
			);
			name = LaunchScreen.storyboard;
			sourceTree = "<group>";
		};
/* End PBXVariantGroup section */

/* Begin XCBuildConfiguration section */
		FB755938251CE1E000C4914E /* Debug */ = {
			isa = XCBuildConfiguration;
			buildSettings = {
				ALWAYS_SEARCH_USER_PATHS = NO;
				CLANG_ANALYZER_NONNULL = YES;
				CLANG_ANALYZER_NUMBER_OBJECT_CONVERSION = YES_AGGRESSIVE;
				CLANG_CXX_LANGUAGE_STANDARD = "gnu++14";
				CLANG_CXX_LIBRARY = "libc++";
				CLANG_ENABLE_MODULES = YES;
				CLANG_ENABLE_OBJC_ARC = YES;
				CLANG_ENABLE_OBJC_WEAK = YES;
				CLANG_WARN_BLOCK_CAPTURE_AUTORELEASING = YES;
				CLANG_WARN_BOOL_CONVERSION = YES;
				CLANG_WARN_COMMA = YES;
				CLANG_WARN_CONSTANT_CONVERSION = YES;
				CLANG_WARN_DEPRECATED_OBJC_IMPLEMENTATIONS = YES;
				CLANG_WARN_DIRECT_OBJC_ISA_USAGE = YES_ERROR;
				CLANG_WARN_DOCUMENTATION_COMMENTS = YES;
				CLANG_WARN_EMPTY_BODY = YES;
				CLANG_WARN_ENUM_CONVERSION = YES;
				CLANG_WARN_INFINITE_RECURSION = YES;
				CLANG_WARN_INT_CONVERSION = YES;
				CLANG_WARN_NON_LITERAL_NULL_CONVERSION = YES;
				CLANG_WARN_OBJC_IMPLICIT_RETAIN_SELF = YES;
				CLANG_WARN_OBJC_LITERAL_CONVERSION = YES;
				CLANG_WARN_OBJC_ROOT_CLASS = YES_ERROR;
				CLANG_WARN_RANGE_LOOP_ANALYSIS = YES;
				CLANG_WARN_STRICT_PROTOTYPES = YES;
				CLANG_WARN_SUSPICIOUS_MOVE = YES;
				CLANG_WARN_UNGUARDED_AVAILABILITY = YES_AGGRESSIVE;
				CLANG_WARN_UNREACHABLE_CODE = YES;
				CLANG_WARN__DUPLICATE_METHOD_MATCH = YES;
				COPY_PHASE_STRIP = NO;
				DEBUG_INFORMATION_FORMAT = dwarf;
				ENABLE_STRICT_OBJC_MSGSEND = YES;
				ENABLE_TESTABILITY = YES;
				GCC_C_LANGUAGE_STANDARD = gnu11;
				GCC_DYNAMIC_NO_PIC = NO;
				GCC_NO_COMMON_BLOCKS = YES;
				GCC_OPTIMIZATION_LEVEL = 0;
				GCC_PREPROCESSOR_DEFINITIONS = (
					"DEBUG=1",
					"$(inherited)",
				);
				GCC_WARN_64_TO_32_BIT_CONVERSION = YES;
				GCC_WARN_ABOUT_RETURN_TYPE = YES_ERROR;
				GCC_WARN_UNDECLARED_SELECTOR = YES;
				GCC_WARN_UNINITIALIZED_AUTOS = YES_AGGRESSIVE;
				GCC_WARN_UNUSED_FUNCTION = YES;
				GCC_WARN_UNUSED_VARIABLE = YES;
				IPHONEOS_DEPLOYMENT_TARGET = 13.7;
				MTL_ENABLE_DEBUG_INFO = INCLUDE_SOURCE;
				MTL_FAST_MATH = YES;
				ONLY_ACTIVE_ARCH = YES;
				SDKROOT = iphoneos;
				SWIFT_ACTIVE_COMPILATION_CONDITIONS = DEBUG;
				SWIFT_OPTIMIZATION_LEVEL = "-Onone";
			};
			name = Debug;
		};
		FB755939251CE1E000C4914E /* Release */ = {
			isa = XCBuildConfiguration;
			buildSettings = {
				ALWAYS_SEARCH_USER_PATHS = NO;
				CLANG_ANALYZER_NONNULL = YES;
				CLANG_ANALYZER_NUMBER_OBJECT_CONVERSION = YES_AGGRESSIVE;
				CLANG_CXX_LANGUAGE_STANDARD = "gnu++14";
				CLANG_CXX_LIBRARY = "libc++";
				CLANG_ENABLE_MODULES = YES;
				CLANG_ENABLE_OBJC_ARC = YES;
				CLANG_ENABLE_OBJC_WEAK = YES;
				CLANG_WARN_BLOCK_CAPTURE_AUTORELEASING = YES;
				CLANG_WARN_BOOL_CONVERSION = YES;
				CLANG_WARN_COMMA = YES;
				CLANG_WARN_CONSTANT_CONVERSION = YES;
				CLANG_WARN_DEPRECATED_OBJC_IMPLEMENTATIONS = YES;
				CLANG_WARN_DIRECT_OBJC_ISA_USAGE = YES_ERROR;
				CLANG_WARN_DOCUMENTATION_COMMENTS = YES;
				CLANG_WARN_EMPTY_BODY = YES;
				CLANG_WARN_ENUM_CONVERSION = YES;
				CLANG_WARN_INFINITE_RECURSION = YES;
				CLANG_WARN_INT_CONVERSION = YES;
				CLANG_WARN_NON_LITERAL_NULL_CONVERSION = YES;
				CLANG_WARN_OBJC_IMPLICIT_RETAIN_SELF = YES;
				CLANG_WARN_OBJC_LITERAL_CONVERSION = YES;
				CLANG_WARN_OBJC_ROOT_CLASS = YES_ERROR;
				CLANG_WARN_RANGE_LOOP_ANALYSIS = YES;
				CLANG_WARN_STRICT_PROTOTYPES = YES;
				CLANG_WARN_SUSPICIOUS_MOVE = YES;
				CLANG_WARN_UNGUARDED_AVAILABILITY = YES_AGGRESSIVE;
				CLANG_WARN_UNREACHABLE_CODE = YES;
				CLANG_WARN__DUPLICATE_METHOD_MATCH = YES;
				COPY_PHASE_STRIP = NO;
				DEBUG_INFORMATION_FORMAT = "dwarf-with-dsym";
				ENABLE_NS_ASSERTIONS = NO;
				ENABLE_STRICT_OBJC_MSGSEND = YES;
				GCC_C_LANGUAGE_STANDARD = gnu11;
				GCC_NO_COMMON_BLOCKS = YES;
				GCC_WARN_64_TO_32_BIT_CONVERSION = YES;
				GCC_WARN_ABOUT_RETURN_TYPE = YES_ERROR;
				GCC_WARN_UNDECLARED_SELECTOR = YES;
				GCC_WARN_UNINITIALIZED_AUTOS = YES_AGGRESSIVE;
				GCC_WARN_UNUSED_FUNCTION = YES;
				GCC_WARN_UNUSED_VARIABLE = YES;
				IPHONEOS_DEPLOYMENT_TARGET = 13.7;
				MTL_ENABLE_DEBUG_INFO = NO;
				MTL_FAST_MATH = YES;
				SDKROOT = iphoneos;
				SWIFT_COMPILATION_MODE = wholemodule;
				SWIFT_OPTIMIZATION_LEVEL = "-O";
				VALIDATE_PRODUCT = YES;
			};
			name = Release;
		};
		FB75593B251CE1E000C4914E /* Debug */ = {
			isa = XCBuildConfiguration;
			buildSettings = {
				ASSETCATALOG_COMPILER_APPICON_NAME = AppIcon;
				CODE_SIGN_STYLE = Automatic;
				INFOPLIST_FILE = DemoConstraintsParte2/Info.plist;
				LD_RUNPATH_SEARCH_PATHS = (
					"$(inherited)",
					"@executable_path/Frameworks",
				);
				PRODUCT_BUNDLE_IDENTIFIER = com.solera.DemoConstraintsParte2;
				PRODUCT_NAME = "$(TARGET_NAME)";
				SWIFT_VERSION = 5.0;
				TARGETED_DEVICE_FAMILY = "1,2";
			};
			name = Debug;
		};
		FB75593C251CE1E000C4914E /* Release */ = {
			isa = XCBuildConfiguration;
			buildSettings = {
				ASSETCATALOG_COMPILER_APPICON_NAME = AppIcon;
				CODE_SIGN_STYLE = Automatic;
				INFOPLIST_FILE = DemoConstraintsParte2/Info.plist;
				LD_RUNPATH_SEARCH_PATHS = (
					"$(inherited)",
					"@executable_path/Frameworks",
				);
				PRODUCT_BUNDLE_IDENTIFIER = com.solera.DemoConstraintsParte2;
				PRODUCT_NAME = "$(TARGET_NAME)";
				SWIFT_VERSION = 5.0;
				TARGETED_DEVICE_FAMILY = "1,2";
			};
			name = Release;
		};
/* End XCBuildConfiguration section */

/* Begin XCConfigurationList section */
		FB755921251CE1DD00C4914E /* Build configuration list for PBXProject "DemoConstraintsParte2" */ = {
			isa = XCConfigurationList;
			buildConfigurations = (
				FB755938251CE1E000C4914E /* Debug */,
				FB755939251CE1E000C4914E /* Release */,
			);
			defaultConfigurationIsVisible = 0;
			defaultConfigurationName = Release;
		};
		FB75593A251CE1E000C4914E /* Build configuration list for PBXNativeTarget "DemoConstraintsParte2" */ = {
			isa = XCConfigurationList;
			buildConfigurations = (
				FB75593B251CE1E000C4914E /* Debug */,
				FB75593C251CE1E000C4914E /* Release */,
			);
			defaultConfigurationIsVisible = 0;
			defaultConfigurationName = Release;
		};
/* End XCConfigurationList section */
	};
	rootObject = FB75591E251CE1DD00C4914E /* Project object */;
}
