// !$*UTF8*$!
{
	archiveVersion = 1;
	classes = {
	};
	objectVersion = 50;
	objects = {

/* Begin PBXBuildFile section */
		FBA47C8F256FFCF900610D46 /* AppDelegate.swift in Sources */ = {isa = PBXBuildFile; fileRef = FBA47C8E256FFCF900610D46 /* AppDelegate.swift */; };
		FBA47C91256FFCF900610D46 /* SceneDelegate.swift in Sources */ = {isa = PBXBuildFile; fileRef = FBA47C90256FFCF900610D46 /* SceneDelegate.swift */; };
		FBA47C93256FFCF900610D46 /* ViewController.swift in Sources */ = {isa = PBXBuildFile; fileRef = FBA47C92256FFCF900610D46 /* ViewController.swift */; };
		FBA47C96256FFCF900610D46 /* Main.storyboard in Resources */ = {isa = PBXBuildFile; fileRef = FBA47C94256FFCF900610D46 /* Main.storyboard */; };
		FBA47C98256FFCFB00610D46 /* Assets.xcassets in Resources */ = {isa = PBXBuildFile; fileRef = FBA47C97256FFCFB00610D46 /* Assets.xcassets */; };
		FBA47C9B256FFCFB00610D46 /* LaunchScreen.storyboard in Resources */ = {isa = PBXBuildFile; fileRef = FBA47C99256FFCFB00610D46 /* LaunchScreen.storyboard */; };
		FBA47CA32570034200610D46 /* WebServiceManager.swift in Sources */ = {isa = PBXBuildFile; fileRef = FBA47CA22570034200610D46 /* WebServiceManager.swift */; };
/* End PBXBuildFile section */

/* Begin PBXFileReference section */
		FBA47C8B256FFCF900610D46 /* DemoServicios.app */ = {isa = PBXFileReference; explicitFileType = wrapper.application; includeInIndex = 0; path = DemoServicios.app; sourceTree = BUILT_PRODUCTS_DIR; };
		FBA47C8E256FFCF900610D46 /* AppDelegate.swift */ = {isa = PBXFileReference; lastKnownFileType = sourcecode.swift; path = AppDelegate.swift; sourceTree = "<group>"; };
		FBA47C90256FFCF900610D46 /* SceneDelegate.swift */ = {isa = PBXFileReference; lastKnownFileType = sourcecode.swift; path = SceneDelegate.swift; sourceTree = "<group>"; };
		FBA47C92256FFCF900610D46 /* ViewController.swift */ = {isa = PBXFileReference; lastKnownFileType = sourcecode.swift; path = ViewController.swift; sourceTree = "<group>"; };
		FBA47C95256FFCF900610D46 /* Base */ = {isa = PBXFileReference; lastKnownFileType = file.storyboard; name = Base; path = Base.lproj/Main.storyboard; sourceTree = "<group>"; };
		FBA47C97256FFCFB00610D46 /* Assets.xcassets */ = {isa = PBXFileReference; lastKnownFileType = folder.assetcatalog; path = Assets.xcassets; sourceTree = "<group>"; };
		FBA47C9A256FFCFB00610D46 /* Base */ = {isa = PBXFileReference; lastKnownFileType = file.storyboard; name = Base; path = Base.lproj/LaunchScreen.storyboard; sourceTree = "<group>"; };
		FBA47C9C256FFCFB00610D46 /* Info.plist */ = {isa = PBXFileReference; lastKnownFileType = text.plist.xml; path = Info.plist; sourceTree = "<group>"; };
		FBA47CA22570034200610D46 /* WebServiceManager.swift */ = {isa = PBXFileReference; lastKnownFileType = sourcecode.swift; path = WebServiceManager.swift; sourceTree = "<group>"; };
/* End PBXFileReference section */

/* Begin PBXFrameworksBuildPhase section */
		FBA47C88256FFCF900610D46 /* Frameworks */ = {
			isa = PBXFrameworksBuildPhase;
			buildActionMask = 2147483647;
			files = (
			);
			runOnlyForDeploymentPostprocessing = 0;
		};
/* End PBXFrameworksBuildPhase section */

/* Begin PBXGroup section */
		FBA47C82256FFCF900610D46 = {
			isa = PBXGroup;
			children = (
				FBA47C8D256FFCF900610D46 /* DemoServicios */,
				FBA47C8C256FFCF900610D46 /* Products */,
			);
			sourceTree = "<group>";
		};
		FBA47C8C256FFCF900610D46 /* Products */ = {
			isa = PBXGroup;
			children = (
				FBA47C8B256FFCF900610D46 /* DemoServicios.app */,
			);
			name = Products;
			sourceTree = "<group>";
		};
		FBA47C8D256FFCF900610D46 /* DemoServicios */ = {
			isa = PBXGroup;
			children = (
				FBA47C8E256FFCF900610D46 /* AppDelegate.swift */,
				FBA47C90256FFCF900610D46 /* SceneDelegate.swift */,
				FBA47C92256FFCF900610D46 /* ViewController.swift */,
				FBA47C94256FFCF900610D46 /* Main.storyboard */,
				FBA47C97256FFCFB00610D46 /* Assets.xcassets */,
				FBA47C99256FFCFB00610D46 /* LaunchScreen.storyboard */,
				FBA47C9C256FFCFB00610D46 /* Info.plist */,
				FBA47CA22570034200610D46 /* WebServiceManager.swift */,
			);
			path = DemoServicios;
			sourceTree = "<group>";
		};
/* End PBXGroup section */

/* Begin PBXNativeTarget section */
		FBA47C8A256FFCF900610D46 /* DemoServicios */ = {
			isa = PBXNativeTarget;
			buildConfigurationList = FBA47C9F256FFCFB00610D46 /* Build configuration list for PBXNativeTarget "DemoServicios" */;
			buildPhases = (
				FBA47C87256FFCF900610D46 /* Sources */,
				FBA47C88256FFCF900610D46 /* Frameworks */,
				FBA47C89256FFCF900610D46 /* Resources */,
			);
			buildRules = (
			);
			dependencies = (
			);
			name = DemoServicios;
			productName = DemoServicios;
			productReference = FBA47C8B256FFCF900610D46 /* DemoServicios.app */;
			productType = "com.apple.product-type.application";
		};
/* End PBXNativeTarget section */

/* Begin PBXProject section */
		FBA47C83256FFCF900610D46 /* Project object */ = {
			isa = PBXProject;
			attributes = {
				LastSwiftUpdateCheck = 1170;
				LastUpgradeCheck = 1170;
				ORGANIZATIONNAME = "Kenyi Rodriguez";
				TargetAttributes = {
					FBA47C8A256FFCF900610D46 = {
						CreatedOnToolsVersion = 11.7;
					};
				};
			};
			buildConfigurationList = FBA47C86256FFCF900610D46 /* Build configuration list for PBXProject "DemoServicios" */;
			compatibilityVersion = "Xcode 9.3";
			developmentRegion = en;
			hasScannedForEncodings = 0;
			knownRegions = (
				en,
				Base,
			);
			mainGroup = FBA47C82256FFCF900610D46;
			productRefGroup = FBA47C8C256FFCF900610D46 /* Products */;
			projectDirPath = "";
			projectRoot = "";
			targets = (
				FBA47C8A256FFCF900610D46 /* DemoServicios */,
			);
		};
/* End PBXProject section */

/* Begin PBXResourcesBuildPhase section */
		FBA47C89256FFCF900610D46 /* Resources */ = {
			isa = PBXResourcesBuildPhase;
			buildActionMask = 2147483647;
			files = (
				FBA47C9B256FFCFB00610D46 /* LaunchScreen.storyboard in Resources */,
				FBA47C98256FFCFB00610D46 /* Assets.xcassets in Resources */,
				FBA47C96256FFCF900610D46 /* Main.storyboard in Resources */,
			);
			runOnlyForDeploymentPostprocessing = 0;
		};
/* End PBXResourcesBuildPhase section */

/* Begin PBXSourcesBuildPhase section */
		FBA47C87256FFCF900610D46 /* Sources */ = {
			isa = PBXSourcesBuildPhase;
			buildActionMask = 2147483647;
			files = (
				FBA47CA32570034200610D46 /* WebServiceManager.swift in Sources */,
				FBA47C93256FFCF900610D46 /* ViewController.swift in Sources */,
				FBA47C8F256FFCF900610D46 /* AppDelegate.swift in Sources */,
				FBA47C91256FFCF900610D46 /* SceneDelegate.swift in Sources */,
			);
			runOnlyForDeploymentPostprocessing = 0;
		};
/* End PBXSourcesBuildPhase section */

/* Begin PBXVariantGroup section */
		FBA47C94256FFCF900610D46 /* Main.storyboard */ = {
			isa = PBXVariantGroup;
			children = (
				FBA47C95256FFCF900610D46 /* Base */,
			);
			name = Main.storyboard;
			sourceTree = "<group>";
		};
		FBA47C99256FFCFB00610D46 /* LaunchScreen.storyboard */ = {
			isa = PBXVariantGroup;
			children = (
				FBA47C9A256FFCFB00610D46 /* Base */,
			);
			name = LaunchScreen.storyboard;
			sourceTree = "<group>";
		};
/* End PBXVariantGroup section */

/* Begin XCBuildConfiguration section */
		FBA47C9D256FFCFB00610D46 /* Debug */ = {
			isa = XCBuildConfiguration;
			buildSettings = {
				ALWAYS_SEARCH_USER_PATHS = NO;
				CLANG_ANALYZER_NONNULL = YES;
				CLANG_ANALYZER_NUMBER_OBJECT_CONVERSION = YES_AGGRESSIVE;
				CLANG_CXX_LANGUAGE_STANDARD = "gnu++14";
				CLANG_CXX_LIBRARY = "libc++";
				CLANG_ENABLE_MODULES = YES;
				CLANG_ENABLE_OBJC_ARC = YES;
				CLANG_ENABLE_OBJC_WEAK = YES;
				CLANG_WARN_BLOCK_CAPTURE_AUTORELEASING = YES;
				CLANG_WARN_BOOL_CONVERSION = YES;
				CLANG_WARN_COMMA = YES;
				CLANG_WARN_CONSTANT_CONVERSION = YES;
				CLANG_WARN_DEPRECATED_OBJC_IMPLEMENTATIONS = YES;
				CLANG_WARN_DIRECT_OBJC_ISA_USAGE = YES_ERROR;
				CLANG_WARN_DOCUMENTATION_COMMENTS = YES;
				CLANG_WARN_EMPTY_BODY = YES;
				CLANG_WARN_ENUM_CONVERSION = YES;
				CLANG_WARN_INFINITE_RECURSION = YES;
				CLANG_WARN_INT_CONVERSION = YES;
				CLANG_WARN_NON_LITERAL_NULL_CONVERSION = YES;
				CLANG_WARN_OBJC_IMPLICIT_RETAIN_SELF = YES;
				CLANG_WARN_OBJC_LITERAL_CONVERSION = YES;
				CLANG_WARN_OBJC_ROOT_CLASS = YES_ERROR;
				CLANG_WARN_RANGE_LOOP_ANALYSIS = YES;
				CLANG_WARN_STRICT_PROTOTYPES = YES;
				CLANG_WARN_SUSPICIOUS_MOVE = YES;
				CLANG_WARN_UNGUARDED_AVAILABILITY = YES_AGGRESSIVE;
				CLANG_WARN_UNREACHABLE_CODE = YES;
				CLANG_WARN__DUPLICATE_METHOD_MATCH = YES;
				COPY_PHASE_STRIP = NO;
				DEBUG_INFORMATION_FORMAT = dwarf;
				ENABLE_STRICT_OBJC_MSGSEND = YES;
				ENABLE_TESTABILITY = YES;
				GCC_C_LANGUAGE_STANDARD = gnu11;
				GCC_DYNAMIC_NO_PIC = NO;
				GCC_NO_COMMON_BLOCKS = YES;
				GCC_OPTIMIZATION_LEVEL = 0;
				GCC_PREPROCESSOR_DEFINITIONS = (
					"DEBUG=1",
					"$(inherited)",
				);
				GCC_WARN_64_TO_32_BIT_CONVERSION = YES;
				GCC_WARN_ABOUT_RETURN_TYPE = YES_ERROR;
				GCC_WARN_UNDECLARED_SELECTOR = YES;
				GCC_WARN_UNINITIALIZED_AUTOS = YES_AGGRESSIVE;
				GCC_WARN_UNUSED_FUNCTION = YES;
				GCC_WARN_UNUSED_VARIABLE = YES;
				IPHONEOS_DEPLOYMENT_TARGET = 13.7;
				MTL_ENABLE_DEBUG_INFO = INCLUDE_SOURCE;
				MTL_FAST_MATH = YES;
				ONLY_ACTIVE_ARCH = YES;
				SDKROOT = iphoneos;
				SWIFT_ACTIVE_COMPILATION_CONDITIONS = DEBUG;
				SWIFT_OPTIMIZATION_LEVEL = "-Onone";
			};
			name = Debug;
		};
		FBA47C9E256FFCFB00610D46 /* Release */ = {
			isa = XCBuildConfiguration;
			buildSettings = {
				ALWAYS_SEARCH_USER_PATHS = NO;
				CLANG_ANALYZER_NONNULL = YES;
				CLANG_ANALYZER_NUMBER_OBJECT_CONVERSION = YES_AGGRESSIVE;
				CLANG_CXX_LANGUAGE_STANDARD = "gnu++14";
				CLANG_CXX_LIBRARY = "libc++";
				CLANG_ENABLE_MODULES = YES;
				CLANG_ENABLE_OBJC_ARC = YES;
				CLANG_ENABLE_OBJC_WEAK = YES;
				CLANG_WARN_BLOCK_CAPTURE_AUTORELEASING = YES;
				CLANG_WARN_BOOL_CONVERSION = YES;
				CLANG_WARN_COMMA = YES;
				CLANG_WARN_CONSTANT_CONVERSION = YES;
				CLANG_WARN_DEPRECATED_OBJC_IMPLEMENTATIONS = YES;
				CLANG_WARN_DIRECT_OBJC_ISA_USAGE = YES_ERROR;
				CLANG_WARN_DOCUMENTATION_COMMENTS = YES;
				CLANG_WARN_EMPTY_BODY = YES;
				CLANG_WARN_ENUM_CONVERSION = YES;
				CLANG_WARN_INFINITE_RECURSION = YES;
				CLANG_WARN_INT_CONVERSION = YES;
				CLANG_WARN_NON_LITERAL_NULL_CONVERSION = YES;
				CLANG_WARN_OBJC_IMPLICIT_RETAIN_SELF = YES;
				CLANG_WARN_OBJC_LITERAL_CONVERSION = YES;
				CLANG_WARN_OBJC_ROOT_CLASS = YES_ERROR;
				CLANG_WARN_RANGE_LOOP_ANALYSIS = YES;
				CLANG_WARN_STRICT_PROTOTYPES = YES;
				CLANG_WARN_SUSPICIOUS_MOVE = YES;
				CLANG_WARN_UNGUARDED_AVAILABILITY = YES_AGGRESSIVE;
				CLANG_WARN_UNREACHABLE_CODE = YES;
				CLANG_WARN__DUPLICATE_METHOD_MATCH = YES;
				COPY_PHASE_STRIP = NO;
				DEBUG_INFORMATION_FORMAT = "dwarf-with-dsym";
				ENABLE_NS_ASSERTIONS = NO;
				ENABLE_STRICT_OBJC_MSGSEND = YES;
				GCC_C_LANGUAGE_STANDARD = gnu11;
				GCC_NO_COMMON_BLOCKS = YES;
				GCC_WARN_64_TO_32_BIT_CONVERSION = YES;
				GCC_WARN_ABOUT_RETURN_TYPE = YES_ERROR;
				GCC_WARN_UNDECLARED_SELECTOR = YES;
				GCC_WARN_UNINITIALIZED_AUTOS = YES_AGGRESSIVE;
				GCC_WARN_UNUSED_FUNCTION = YES;
				GCC_WARN_UNUSED_VARIABLE = YES;
				IPHONEOS_DEPLOYMENT_TARGET = 13.7;
				MTL_ENABLE_DEBUG_INFO = NO;
				MTL_FAST_MATH = YES;
				SDKROOT = iphoneos;
				SWIFT_COMPILATION_MODE = wholemodule;
				SWIFT_OPTIMIZATION_LEVEL = "-O";
				VALIDATE_PRODUCT = YES;
			};
			name = Release;
		};
		FBA47CA0256FFCFB00610D46 /* Debug */ = {
			isa = XCBuildConfiguration;
			buildSettings = {
				ASSETCATALOG_COMPILER_APPICON_NAME = AppIcon;
				CODE_SIGN_STYLE = Automatic;
				INFOPLIST_FILE = DemoServicios/Info.plist;
				LD_RUNPATH_SEARCH_PATHS = (
					"$(inherited)",
					"@executable_path/Frameworks",
				);
				PRODUCT_BUNDLE_IDENTIFIER = com.solera.DemoServicios;
				PRODUCT_NAME = "$(TARGET_NAME)";
				SWIFT_VERSION = 5.0;
				TARGETED_DEVICE_FAMILY = "1,2";
			};
			name = Debug;
		};
		FBA47CA1256FFCFB00610D46 /* Release */ = {
			isa = XCBuildConfiguration;
			buildSettings = {
				ASSETCATALOG_COMPILER_APPICON_NAME = AppIcon;
				CODE_SIGN_STYLE = Automatic;
				INFOPLIST_FILE = DemoServicios/Info.plist;
				LD_RUNPATH_SEARCH_PATHS = (
					"$(inherited)",
					"@executable_path/Frameworks",
				);
				PRODUCT_BUNDLE_IDENTIFIER = com.solera.DemoServicios;
				PRODUCT_NAME = "$(TARGET_NAME)";
				SWIFT_VERSION = 5.0;
				TARGETED_DEVICE_FAMILY = "1,2";
			};
			name = Release;
		};
/* End XCBuildConfiguration section */

/* Begin XCConfigurationList section */
		FBA47C86256FFCF900610D46 /* Build configuration list for PBXProject "DemoServicios" */ = {
			isa = XCConfigurationList;
			buildConfigurations = (
				FBA47C9D256FFCFB00610D46 /* Debug */,
				FBA47C9E256FFCFB00610D46 /* Release */,
			);
			defaultConfigurationIsVisible = 0;
			defaultConfigurationName = Release;
		};
		FBA47C9F256FFCFB00610D46 /* Build configuration list for PBXNativeTarget "DemoServicios" */ = {
			isa = XCConfigurationList;
			buildConfigurations = (
				FBA47CA0256FFCFB00610D46 /* Debug */,
				FBA47CA1256FFCFB00610D46 /* Release */,
			);
			defaultConfigurationIsVisible = 0;
			defaultConfigurationName = Release;
		};
/* End XCConfigurationList section */
	};
	rootObject = FBA47C83256FFCF900610D46 /* Project object */;
}
